// !$*UTF8*$!
{
	archiveVersion = 1;
	classes = {
	};
	objectVersion = 50;
	objects = {

/* Begin PBXBuildFile section */
		DE7D8437259CB2440000261C /* Day9_SlinderApp.swift in Sources */ = {isa = PBXBuildFile; fileRef = DE7D8436259CB2440000261C /* Day9_SlinderApp.swift */; };
		DE7D8439259CB2440000261C /* ContentView.swift in Sources */ = {isa = PBXBuildFile; fileRef = DE7D8438259CB2440000261C /* ContentView.swift */; };
		DE7D843B259CB2460000261C /* Assets.xcassets in Resources */ = {isa = PBXBuildFile; fileRef = DE7D843A259CB2460000261C /* Assets.xcassets */; };
		DE7D843E259CB2460000261C /* Preview Assets.xcassets in Resources */ = {isa = PBXBuildFile; fileRef = DE7D843D259CB2460000261C /* Preview Assets.xcassets */; };
		DE7D8447259CB26A0000261C /* Slider_Ornek1.swift in Sources */ = {isa = PBXBuildFile; fileRef = DE7D8446259CB26A0000261C /* Slider_Ornek1.swift */; };
		DE7D844A259CB7D00000261C /* Slider_Ornek2.swift in Sources */ = {isa = PBXBuildFile; fileRef = DE7D8449259CB7D00000261C /* Slider_Ornek2.swift */; };
		DE7D844D259CBB950000261C /* Slider_Ornek3.swift in Sources */ = {isa = PBXBuildFile; fileRef = DE7D844C259CBB950000261C /* Slider_Ornek3.swift */; };
/* End PBXBuildFile section */

/* Begin PBXFileReference section */
		DE7D8433259CB2440000261C /* Day9-Slinder.app */ = {isa = PBXFileReference; explicitFileType = wrapper.application; includeInIndex = 0; path = "Day9-Slinder.app"; sourceTree = BUILT_PRODUCTS_DIR; };
		DE7D8436259CB2440000261C /* Day9_SlinderApp.swift */ = {isa = PBXFileReference; lastKnownFileType = sourcecode.swift; path = Day9_SlinderApp.swift; sourceTree = "<group>"; };
		DE7D8438259CB2440000261C /* ContentView.swift */ = {isa = PBXFileReference; lastKnownFileType = sourcecode.swift; path = ContentView.swift; sourceTree = "<group>"; };
		DE7D843A259CB2460000261C /* Assets.xcassets */ = {isa = PBXFileReference; lastKnownFileType = folder.assetcatalog; path = Assets.xcassets; sourceTree = "<group>"; };
		DE7D843D259CB2460000261C /* Preview Assets.xcassets */ = {isa = PBXFileReference; lastKnownFileType = folder.assetcatalog; path = "Preview Assets.xcassets"; sourceTree = "<group>"; };
		DE7D843F259CB2460000261C /* Info.plist */ = {isa = PBXFileReference; lastKnownFileType = text.plist.xml; path = Info.plist; sourceTree = "<group>"; };
		DE7D8446259CB26A0000261C /* Slider_Ornek1.swift */ = {isa = PBXFileReference; lastKnownFileType = sourcecode.swift; path = Slider_Ornek1.swift; sourceTree = "<group>"; };
		DE7D8449259CB7D00000261C /* Slider_Ornek2.swift */ = {isa = PBXFileReference; lastKnownFileType = sourcecode.swift; path = Slider_Ornek2.swift; sourceTree = "<group>"; };
		DE7D844C259CBB950000261C /* Slider_Ornek3.swift */ = {isa = PBXFileReference; lastKnownFileType = sourcecode.swift; path = Slider_Ornek3.swift; sourceTree = "<group>"; };
/* End PBXFileReference section */

/* Begin PBXFrameworksBuildPhase section */
		DE7D8430259CB2440000261C /* Frameworks */ = {
			isa = PBXFrameworksBuildPhase;
			buildActionMask = 2147483647;
			files = (
			);
			runOnlyForDeploymentPostprocessing = 0;
		};
/* End PBXFrameworksBuildPhase section */

/* Begin PBXGroup section */
		DE7D842A259CB2440000261C = {
			isa = PBXGroup;
			children = (
				DE7D8435259CB2440000261C /* Day9-Slinder */,
				DE7D8434259CB2440000261C /* Products */,
			);
			sourceTree = "<group>";
		};
		DE7D8434259CB2440000261C /* Products */ = {
			isa = PBXGroup;
			children = (
				DE7D8433259CB2440000261C /* Day9-Slinder.app */,
			);
			name = Products;
			sourceTree = "<group>";
		};
		DE7D8435259CB2440000261C /* Day9-Slinder */ = {
			isa = PBXGroup;
			children = (
				DE7D8436259CB2440000261C /* Day9_SlinderApp.swift */,
				DE7D8438259CB2440000261C /* ContentView.swift */,
				DE7D8446259CB26A0000261C /* Slider_Ornek1.swift */,
				DE7D8449259CB7D00000261C /* Slider_Ornek2.swift */,
				DE7D844C259CBB950000261C /* Slider_Ornek3.swift */,
				DE7D843A259CB2460000261C /* Assets.xcassets */,
				DE7D843F259CB2460000261C /* Info.plist */,
				DE7D843C259CB2460000261C /* Preview Content */,
			);
			path = "Day9-Slinder";
			sourceTree = "<group>";
		};
		DE7D843C259CB2460000261C /* Preview Content */ = {
			isa = PBXGroup;
			children = (
				DE7D843D259CB2460000261C /* Preview Assets.xcassets */,
			);
			path = "Preview Content";
			sourceTree = "<group>";
		};
/* End PBXGroup section */

/* Begin PBXNativeTarget section */
		DE7D8432259CB2440000261C /* Day9-Slinder */ = {
			isa = PBXNativeTarget;
			buildConfigurationList = DE7D8442259CB2460000261C /* Build configuration list for PBXNativeTarget "Day9-Slinder" */;
			buildPhases = (
				DE7D842F259CB2440000261C /* Sources */,
				DE7D8430259CB2440000261C /* Frameworks */,
				DE7D8431259CB2440000261C /* Resources */,
			);
			buildRules = (
			);
			dependencies = (
			);
			name = "Day9-Slinder";
			productName = "Day9-Slinder";
			productReference = DE7D8433259CB2440000261C /* Day9-Slinder.app */;
			productType = "com.apple.product-type.application";
		};
/* End PBXNativeTarget section */

/* Begin PBXProject section */
		DE7D842B259CB2440000261C /* Project object */ = {
			isa = PBXProject;
			attributes = {
				LastSwiftUpdateCheck = 1230;
				LastUpgradeCheck = 1230;
				TargetAttributes = {
					DE7D8432259CB2440000261C = {
						CreatedOnToolsVersion = 12.3;
					};
				};
			};
			buildConfigurationList = DE7D842E259CB2440000261C /* Build configuration list for PBXProject "Day9-Slinder" */;
			compatibilityVersion = "Xcode 9.3";
			developmentRegion = en;
			hasScannedForEncodings = 0;
			knownRegions = (
				en,
				Base,
			);
			mainGroup = DE7D842A259CB2440000261C;
			productRefGroup = DE7D8434259CB2440000261C /* Products */;
			projectDirPath = "";
			projectRoot = "";
			targets = (
				DE7D8432259CB2440000261C /* Day9-Slinder */,
			);
		};
/* End PBXProject section */

/* Begin PBXResourcesBuildPhase section */
		DE7D8431259CB2440000261C /* Resources */ = {
			isa = PBXResourcesBuildPhase;
			buildActionMask = 2147483647;
			files = (
				DE7D843E259CB2460000261C /* Preview Assets.xcassets in Resources */,
				DE7D843B259CB2460000261C /* Assets.xcassets in Resources */,
			);
			runOnlyForDeploymentPostprocessing = 0;
		};
/* End PBXResourcesBuildPhase section */

/* Begin PBXSourcesBuildPhase section */
		DE7D842F259CB2440000261C /* Sources */ = {
			isa = PBXSourcesBuildPhase;
			buildActionMask = 2147483647;
			files = (
				DE7D844D259CBB950000261C /* Slider_Ornek3.swift in Sources */,
				DE7D8447259CB26A0000261C /* Slider_Ornek1.swift in Sources */,
				DE7D844A259CB7D00000261C /* Slider_Ornek2.swift in Sources */,
				DE7D8439259CB2440000261C /* ContentView.swift in Sources */,
				DE7D8437259CB2440000261C /* Day9_SlinderApp.swift in Sources */,
			);
			runOnlyForDeploymentPostprocessing = 0;
		};
/* End PBXSourcesBuildPhase section */

/* Begin XCBuildConfiguration section */
		DE7D8440259CB2460000261C /* Debug */ = {
			isa = XCBuildConfiguration;
			buildSettings = {
				ALWAYS_SEARCH_USER_PATHS = NO;
				CLANG_ANALYZER_NONNULL = YES;
				CLANG_ANALYZER_NUMBER_OBJECT_CONVERSION = YES_AGGRESSIVE;
				CLANG_CXX_LANGUAGE_STANDARD = "gnu++14";
				CLANG_CXX_LIBRARY = "libc++";
				CLANG_ENABLE_MODULES = YES;
				CLANG_ENABLE_OBJC_ARC = YES;
				CLANG_ENABLE_OBJC_WEAK = YES;
				CLANG_WARN_BLOCK_CAPTURE_AUTORELEASING = YES;
				CLANG_WARN_BOOL_CONVERSION = YES;
				CLANG_WARN_COMMA = YES;
				CLANG_WARN_CONSTANT_CONVERSION = YES;
				CLANG_WARN_DEPRECATED_OBJC_IMPLEMENTATIONS = YES;
				CLANG_WARN_DIRECT_OBJC_ISA_USAGE = YES_ERROR;
				CLANG_WARN_DOCUMENTATION_COMMENTS = YES;
				CLANG_WARN_EMPTY_BODY = YES;
				CLANG_WARN_ENUM_CONVERSION = YES;
				CLANG_WARN_INFINITE_RECURSION = YES;
				CLANG_WARN_INT_CONVERSION = YES;
				CLANG_WARN_NON_LITERAL_NULL_CONVERSION = YES;
				CLANG_WARN_OBJC_IMPLICIT_RETAIN_SELF = YES;
				CLANG_WARN_OBJC_LITERAL_CONVERSION = YES;
				CLANG_WARN_OBJC_ROOT_CLASS = YES_ERROR;
				CLANG_WARN_QUOTED_INCLUDE_IN_FRAMEWORK_HEADER = YES;
				CLANG_WARN_RANGE_LOOP_ANALYSIS = YES;
				CLANG_WARN_STRICT_PROTOTYPES = YES;
				CLANG_WARN_SUSPICIOUS_MOVE = YES;
				CLANG_WARN_UNGUARDED_AVAILABILITY = YES_AGGRESSIVE;
				CLANG_WARN_UNREACHABLE_CODE = YES;
				CLANG_WARN__DUPLICATE_METHOD_MATCH = YES;
				COPY_PHASE_STRIP = NO;
				DEBUG_INFORMATION_FORMAT = dwarf;
				ENABLE_STRICT_OBJC_MSGSEND = YES;
				ENABLE_TESTABILITY = YES;
				GCC_C_LANGUAGE_STANDARD = gnu11;
				GCC_DYNAMIC_NO_PIC = NO;
				GCC_NO_COMMON_BLOCKS = YES;
				GCC_OPTIMIZATION_LEVEL = 0;
				GCC_PREPROCESSOR_DEFINITIONS = (
					"DEBUG=1",
					"$(inherited)",
				);
				GCC_WARN_64_TO_32_BIT_CONVERSION = YES;
				GCC_WARN_ABOUT_RETURN_TYPE = YES_ERROR;
				GCC_WARN_UNDECLARED_SELECTOR = YES;
				GCC_WARN_UNINITIALIZED_AUTOS = YES_AGGRESSIVE;
				GCC_WARN_UNUSED_FUNCTION = YES;
				GCC_WARN_UNUSED_VARIABLE = YES;
				IPHONEOS_DEPLOYMENT_TARGET = 14.3;
				MTL_ENABLE_DEBUG_INFO = INCLUDE_SOURCE;
				MTL_FAST_MATH = YES;
				ONLY_ACTIVE_ARCH = YES;
				SDKROOT = iphoneos;
				SWIFT_ACTIVE_COMPILATION_CONDITIONS = DEBUG;
				SWIFT_OPTIMIZATION_LEVEL = "-Onone";
			};
			name = Debug;
		};
		DE7D8441259CB2460000261C /* Release */ = {
			isa = XCBuildConfiguration;
			buildSettings = {
				ALWAYS_SEARCH_USER_PATHS = NO;
				CLANG_ANALYZER_NONNULL = YES;
				CLANG_ANALYZER_NUMBER_OBJECT_CONVERSION = YES_AGGRESSIVE;
				CLANG_CXX_LANGUAGE_STANDARD = "gnu++14";
				CLANG_CXX_LIBRARY = "libc++";
				CLANG_ENABLE_MODULES = YES;
				CLANG_ENABLE_OBJC_ARC = YES;
				CLANG_ENABLE_OBJC_WEAK = YES;
				CLANG_WARN_BLOCK_CAPTURE_AUTORELEASING = YES;
				CLANG_WARN_BOOL_CONVERSION = YES;
				CLANG_WARN_COMMA = YES;
				CLANG_WARN_CONSTANT_CONVERSION = YES;
				CLANG_WARN_DEPRECATED_OBJC_IMPLEMENTATIONS = YES;
				CLANG_WARN_DIRECT_OBJC_ISA_USAGE = YES_ERROR;
				CLANG_WARN_DOCUMENTATION_COMMENTS = YES;
				CLANG_WARN_EMPTY_BODY = YES;
				CLANG_WARN_ENUM_CONVERSION = YES;
				CLANG_WARN_INFINITE_RECURSION = YES;
				CLANG_WARN_INT_CONVERSION = YES;
				CLANG_WARN_NON_LITERAL_NULL_CONVERSION = YES;
				CLANG_WARN_OBJC_IMPLICIT_RETAIN_SELF = YES;
				CLANG_WARN_OBJC_LITERAL_CONVERSION = YES;
				CLANG_WARN_OBJC_ROOT_CLASS = YES_ERROR;
				CLANG_WARN_QUOTED_INCLUDE_IN_FRAMEWORK_HEADER = YES;
				CLANG_WARN_RANGE_LOOP_ANALYSIS = YES;
				CLANG_WARN_STRICT_PROTOTYPES = YES;
				CLANG_WARN_SUSPICIOUS_MOVE = YES;
				CLANG_WARN_UNGUARDED_AVAILABILITY = YES_AGGRESSIVE;
				CLANG_WARN_UNREACHABLE_CODE = YES;
				CLANG_WARN__DUPLICATE_METHOD_MATCH = YES;
				COPY_PHASE_STRIP = NO;
				DEBUG_INFORMATION_FORMAT = "dwarf-with-dsym";
				ENABLE_NS_ASSERTIONS = NO;
				ENABLE_STRICT_OBJC_MSGSEND = YES;
				GCC_C_LANGUAGE_STANDARD = gnu11;
				GCC_NO_COMMON_BLOCKS = YES;
				GCC_WARN_64_TO_32_BIT_CONVERSION = YES;
				GCC_WARN_ABOUT_RETURN_TYPE = YES_ERROR;
				GCC_WARN_UNDECLARED_SELECTOR = YES;
				GCC_WARN_UNINITIALIZED_AUTOS = YES_AGGRESSIVE;
				GCC_WARN_UNUSED_FUNCTION = YES;
				GCC_WARN_UNUSED_VARIABLE = YES;
				IPHONEOS_DEPLOYMENT_TARGET = 14.3;
				MTL_ENABLE_DEBUG_INFO = NO;
				MTL_FAST_MATH = YES;
				SDKROOT = iphoneos;
				SWIFT_COMPILATION_MODE = wholemodule;
				SWIFT_OPTIMIZATION_LEVEL = "-O";
				VALIDATE_PRODUCT = YES;
			};
			name = Release;
		};
		DE7D8443259CB2460000261C /* Debug */ = {
			isa = XCBuildConfiguration;
			buildSettings = {
				ASSETCATALOG_COMPILER_APPICON_NAME = AppIcon;
				ASSETCATALOG_COMPILER_GLOBAL_ACCENT_COLOR_NAME = AccentColor;
				CODE_SIGN_STYLE = Automatic;
				DEVELOPMENT_ASSET_PATHS = "\"Day9-Slinder/Preview Content\"";
				DEVELOPMENT_TEAM = 7UTB6LU2LV;
				ENABLE_PREVIEWS = YES;
				INFOPLIST_FILE = "Day9-Slinder/Info.plist";
				IPHONEOS_DEPLOYMENT_TARGET = 14.0;
				LD_RUNPATH_SEARCH_PATHS = (
					"$(inherited)",
					"@executable_path/Frameworks",
				);
				PRODUCT_BUNDLE_IDENTIFIER = "com.calidustech.Day9-Slinder";
				PRODUCT_NAME = "$(TARGET_NAME)";
				SWIFT_VERSION = 5.0;
				TARGETED_DEVICE_FAMILY = "1,2";
			};
			name = Debug;
		};
		DE7D8444259CB2460000261C /* Release */ = {
			isa = XCBuildConfiguration;
			buildSettings = {
				ASSETCATALOG_COMPILER_APPICON_NAME = AppIcon;
				ASSETCATALOG_COMPILER_GLOBAL_ACCENT_COLOR_NAME = AccentColor;
				CODE_SIGN_STYLE = Automatic;
				DEVELOPMENT_ASSET_PATHS = "\"Day9-Slinder/Preview Content\"";
				DEVELOPMENT_TEAM = 7UTB6LU2LV;
				ENABLE_PREVIEWS = YES;
				INFOPLIST_FILE = "Day9-Slinder/Info.plist";
				IPHONEOS_DEPLOYMENT_TARGET = 14.0;
				LD_RUNPATH_SEARCH_PATHS = (
					"$(inherited)",
					"@executable_path/Frameworks",
				);
				PRODUCT_BUNDLE_IDENTIFIER = "com.calidustech.Day9-Slinder";
				PRODUCT_NAME = "$(TARGET_NAME)";
				SWIFT_VERSION = 5.0;
				TARGETED_DEVICE_FAMILY = "1,2";
			};
			name = Release;
		};
/* End XCBuildConfiguration section */

/* Begin XCConfigurationList section */
		DE7D842E259CB2440000261C /* Build configuration list for PBXProject "Day9-Slinder" */ = {
			isa = XCConfigurationList;
			buildConfigurations = (
				DE7D8440259CB2460000261C /* Debug */,
				DE7D8441259CB2460000261C /* Release */,
			);
			defaultConfigurationIsVisible = 0;
			defaultConfigurationName = Release;
		};
		DE7D8442259CB2460000261C /* Build configuration list for PBXNativeTarget "Day9-Slinder" */ = {
			isa = XCConfigurationList;
			buildConfigurations = (
				DE7D8443259CB2460000261C /* Debug */,
				DE7D8444259CB2460000261C /* Release */,
			);
			defaultConfigurationIsVisible = 0;
			defaultConfigurationName = Release;
		};
/* End XCConfigurationList section */
	};
	rootObject = DE7D842B259CB2440000261C /* Project object */;
}
