// !$*UTF8*$!
{
	archiveVersion = 1;
	classes = {
	};
	objectVersion = 50;
	objects = {

/* Begin PBXBuildFile section */
		DEF8E18425A04237005FFBEB /* Day23_AngularGradientApp.swift in Sources */ = {isa = PBXBuildFile; fileRef = DEF8E18325A04237005FFBEB /* Day23_AngularGradientApp.swift */; };
		DEF8E18625A04237005FFBEB /* ContentView.swift in Sources */ = {isa = PBXBuildFile; fileRef = DEF8E18525A04237005FFBEB /* ContentView.swift */; };
		DEF8E18825A0423A005FFBEB /* Assets.xcassets in Resources */ = {isa = PBXBuildFile; fileRef = DEF8E18725A0423A005FFBEB /* Assets.xcassets */; };
		DEF8E18B25A0423A005FFBEB /* Preview Assets.xcassets in Resources */ = {isa = PBXBuildFile; fileRef = DEF8E18A25A0423A005FFBEB /* Preview Assets.xcassets */; };
		DEF8E19425A04262005FFBEB /* AngularGradient_Ornek1.swift in Sources */ = {isa = PBXBuildFile; fileRef = DEF8E19325A04262005FFBEB /* AngularGradient_Ornek1.swift */; };
		DEF8E19725A04340005FFBEB /* AngularGradient_Ornek2.swift in Sources */ = {isa = PBXBuildFile; fileRef = DEF8E19625A04340005FFBEB /* AngularGradient_Ornek2.swift */; };
/* End PBXBuildFile section */

/* Begin PBXFileReference section */
		DEF8E18025A04237005FFBEB /* Day23-AngularGradient.app */ = {isa = PBXFileReference; explicitFileType = wrapper.application; includeInIndex = 0; path = "Day23-AngularGradient.app"; sourceTree = BUILT_PRODUCTS_DIR; };
		DEF8E18325A04237005FFBEB /* Day23_AngularGradientApp.swift */ = {isa = PBXFileReference; lastKnownFileType = sourcecode.swift; path = Day23_AngularGradientApp.swift; sourceTree = "<group>"; };
		DEF8E18525A04237005FFBEB /* ContentView.swift */ = {isa = PBXFileReference; lastKnownFileType = sourcecode.swift; path = ContentView.swift; sourceTree = "<group>"; };
		DEF8E18725A0423A005FFBEB /* Assets.xcassets */ = {isa = PBXFileReference; lastKnownFileType = folder.assetcatalog; path = Assets.xcassets; sourceTree = "<group>"; };
		DEF8E18A25A0423A005FFBEB /* Preview Assets.xcassets */ = {isa = PBXFileReference; lastKnownFileType = folder.assetcatalog; path = "Preview Assets.xcassets"; sourceTree = "<group>"; };
		DEF8E18C25A0423A005FFBEB /* Info.plist */ = {isa = PBXFileReference; lastKnownFileType = text.plist.xml; path = Info.plist; sourceTree = "<group>"; };
		DEF8E19325A04262005FFBEB /* AngularGradient_Ornek1.swift */ = {isa = PBXFileReference; lastKnownFileType = sourcecode.swift; path = AngularGradient_Ornek1.swift; sourceTree = "<group>"; };
		DEF8E19625A04340005FFBEB /* AngularGradient_Ornek2.swift */ = {isa = PBXFileReference; lastKnownFileType = sourcecode.swift; path = AngularGradient_Ornek2.swift; sourceTree = "<group>"; };
/* End PBXFileReference section */

/* Begin PBXFrameworksBuildPhase section */
		DEF8E17D25A04237005FFBEB /* Frameworks */ = {
			isa = PBXFrameworksBuildPhase;
			buildActionMask = 2147483647;
			files = (
			);
			runOnlyForDeploymentPostprocessing = 0;
		};
/* End PBXFrameworksBuildPhase section */

/* Begin PBXGroup section */
		DEF8E17725A04237005FFBEB = {
			isa = PBXGroup;
			children = (
				DEF8E18225A04237005FFBEB /* Day23-AngularGradient */,
				DEF8E18125A04237005FFBEB /* Products */,
			);
			sourceTree = "<group>";
		};
		DEF8E18125A04237005FFBEB /* Products */ = {
			isa = PBXGroup;
			children = (
				DEF8E18025A04237005FFBEB /* Day23-AngularGradient.app */,
			);
			name = Products;
			sourceTree = "<group>";
		};
		DEF8E18225A04237005FFBEB /* Day23-AngularGradient */ = {
			isa = PBXGroup;
			children = (
				DEF8E18325A04237005FFBEB /* Day23_AngularGradientApp.swift */,
				DEF8E18525A04237005FFBEB /* ContentView.swift */,
				DEF8E19325A04262005FFBEB /* AngularGradient_Ornek1.swift */,
				DEF8E19625A04340005FFBEB /* AngularGradient_Ornek2.swift */,
				DEF8E18725A0423A005FFBEB /* Assets.xcassets */,
				DEF8E18C25A0423A005FFBEB /* Info.plist */,
				DEF8E18925A0423A005FFBEB /* Preview Content */,
			);
			path = "Day23-AngularGradient";
			sourceTree = "<group>";
		};
		DEF8E18925A0423A005FFBEB /* Preview Content */ = {
			isa = PBXGroup;
			children = (
				DEF8E18A25A0423A005FFBEB /* Preview Assets.xcassets */,
			);
			path = "Preview Content";
			sourceTree = "<group>";
		};
/* End PBXGroup section */

/* Begin PBXNativeTarget section */
		DEF8E17F25A04237005FFBEB /* Day23-AngularGradient */ = {
			isa = PBXNativeTarget;
			buildConfigurationList = DEF8E18F25A0423A005FFBEB /* Build configuration list for PBXNativeTarget "Day23-AngularGradient" */;
			buildPhases = (
				DEF8E17C25A04237005FFBEB /* Sources */,
				DEF8E17D25A04237005FFBEB /* Frameworks */,
				DEF8E17E25A04237005FFBEB /* Resources */,
			);
			buildRules = (
			);
			dependencies = (
			);
			name = "Day23-AngularGradient";
			productName = "Day23-AngularGradient";
			productReference = DEF8E18025A04237005FFBEB /* Day23-AngularGradient.app */;
			productType = "com.apple.product-type.application";
		};
/* End PBXNativeTarget section */

/* Begin PBXProject section */
		DEF8E17825A04237005FFBEB /* Project object */ = {
			isa = PBXProject;
			attributes = {
				LastSwiftUpdateCheck = 1230;
				LastUpgradeCheck = 1230;
				TargetAttributes = {
					DEF8E17F25A04237005FFBEB = {
						CreatedOnToolsVersion = 12.3;
					};
				};
			};
			buildConfigurationList = DEF8E17B25A04237005FFBEB /* Build configuration list for PBXProject "Day23-AngularGradient" */;
			compatibilityVersion = "Xcode 9.3";
			developmentRegion = en;
			hasScannedForEncodings = 0;
			knownRegions = (
				en,
				Base,
			);
			mainGroup = DEF8E17725A04237005FFBEB;
			productRefGroup = DEF8E18125A04237005FFBEB /* Products */;
			projectDirPath = "";
			projectRoot = "";
			targets = (
				DEF8E17F25A04237005FFBEB /* Day23-AngularGradient */,
			);
		};
/* End PBXProject section */

/* Begin PBXResourcesBuildPhase section */
		DEF8E17E25A04237005FFBEB /* Resources */ = {
			isa = PBXResourcesBuildPhase;
			buildActionMask = 2147483647;
			files = (
				DEF8E18B25A0423A005FFBEB /* Preview Assets.xcassets in Resources */,
				DEF8E18825A0423A005FFBEB /* Assets.xcassets in Resources */,
			);
			runOnlyForDeploymentPostprocessing = 0;
		};
/* End PBXResourcesBuildPhase section */

/* Begin PBXSourcesBuildPhase section */
		DEF8E17C25A04237005FFBEB /* Sources */ = {
			isa = PBXSourcesBuildPhase;
			buildActionMask = 2147483647;
			files = (
				DEF8E18625A04237005FFBEB /* ContentView.swift in Sources */,
				DEF8E19425A04262005FFBEB /* AngularGradient_Ornek1.swift in Sources */,
				DEF8E18425A04237005FFBEB /* Day23_AngularGradientApp.swift in Sources */,
				DEF8E19725A04340005FFBEB /* AngularGradient_Ornek2.swift in Sources */,
			);
			runOnlyForDeploymentPostprocessing = 0;
		};
/* End PBXSourcesBuildPhase section */

/* Begin XCBuildConfiguration section */
		DEF8E18D25A0423A005FFBEB /* Debug */ = {
			isa = XCBuildConfiguration;
			buildSettings = {
				ALWAYS_SEARCH_USER_PATHS = NO;
				CLANG_ANALYZER_NONNULL = YES;
				CLANG_ANALYZER_NUMBER_OBJECT_CONVERSION = YES_AGGRESSIVE;
				CLANG_CXX_LANGUAGE_STANDARD = "gnu++14";
				CLANG_CXX_LIBRARY = "libc++";
				CLANG_ENABLE_MODULES = YES;
				CLANG_ENABLE_OBJC_ARC = YES;
				CLANG_ENABLE_OBJC_WEAK = YES;
				CLANG_WARN_BLOCK_CAPTURE_AUTORELEASING = YES;
				CLANG_WARN_BOOL_CONVERSION = YES;
				CLANG_WARN_COMMA = YES;
				CLANG_WARN_CONSTANT_CONVERSION = YES;
				CLANG_WARN_DEPRECATED_OBJC_IMPLEMENTATIONS = YES;
				CLANG_WARN_DIRECT_OBJC_ISA_USAGE = YES_ERROR;
				CLANG_WARN_DOCUMENTATION_COMMENTS = YES;
				CLANG_WARN_EMPTY_BODY = YES;
				CLANG_WARN_ENUM_CONVERSION = YES;
				CLANG_WARN_INFINITE_RECURSION = YES;
				CLANG_WARN_INT_CONVERSION = YES;
				CLANG_WARN_NON_LITERAL_NULL_CONVERSION = YES;
				CLANG_WARN_OBJC_IMPLICIT_RETAIN_SELF = YES;
				CLANG_WARN_OBJC_LITERAL_CONVERSION = YES;
				CLANG_WARN_OBJC_ROOT_CLASS = YES_ERROR;
				CLANG_WARN_QUOTED_INCLUDE_IN_FRAMEWORK_HEADER = YES;
				CLANG_WARN_RANGE_LOOP_ANALYSIS = YES;
				CLANG_WARN_STRICT_PROTOTYPES = YES;
				CLANG_WARN_SUSPICIOUS_MOVE = YES;
				CLANG_WARN_UNGUARDED_AVAILABILITY = YES_AGGRESSIVE;
				CLANG_WARN_UNREACHABLE_CODE = YES;
				CLANG_WARN__DUPLICATE_METHOD_MATCH = YES;
				COPY_PHASE_STRIP = NO;
				DEBUG_INFORMATION_FORMAT = dwarf;
				ENABLE_STRICT_OBJC_MSGSEND = YES;
				ENABLE_TESTABILITY = YES;
				GCC_C_LANGUAGE_STANDARD = gnu11;
				GCC_DYNAMIC_NO_PIC = NO;
				GCC_NO_COMMON_BLOCKS = YES;
				GCC_OPTIMIZATION_LEVEL = 0;
				GCC_PREPROCESSOR_DEFINITIONS = (
					"DEBUG=1",
					"$(inherited)",
				);
				GCC_WARN_64_TO_32_BIT_CONVERSION = YES;
				GCC_WARN_ABOUT_RETURN_TYPE = YES_ERROR;
				GCC_WARN_UNDECLARED_SELECTOR = YES;
				GCC_WARN_UNINITIALIZED_AUTOS = YES_AGGRESSIVE;
				GCC_WARN_UNUSED_FUNCTION = YES;
				GCC_WARN_UNUSED_VARIABLE = YES;
				IPHONEOS_DEPLOYMENT_TARGET = 14.3;
				MTL_ENABLE_DEBUG_INFO = INCLUDE_SOURCE;
				MTL_FAST_MATH = YES;
				ONLY_ACTIVE_ARCH = YES;
				SDKROOT = iphoneos;
				SWIFT_ACTIVE_COMPILATION_CONDITIONS = DEBUG;
				SWIFT_OPTIMIZATION_LEVEL = "-Onone";
			};
			name = Debug;
		};
		DEF8E18E25A0423A005FFBEB /* Release */ = {
			isa = XCBuildConfiguration;
			buildSettings = {
				ALWAYS_SEARCH_USER_PATHS = NO;
				CLANG_ANALYZER_NONNULL = YES;
				CLANG_ANALYZER_NUMBER_OBJECT_CONVERSION = YES_AGGRESSIVE;
				CLANG_CXX_LANGUAGE_STANDARD = "gnu++14";
				CLANG_CXX_LIBRARY = "libc++";
				CLANG_ENABLE_MODULES = YES;
				CLANG_ENABLE_OBJC_ARC = YES;
				CLANG_ENABLE_OBJC_WEAK = YES;
				CLANG_WARN_BLOCK_CAPTURE_AUTORELEASING = YES;
				CLANG_WARN_BOOL_CONVERSION = YES;
				CLANG_WARN_COMMA = YES;
				CLANG_WARN_CONSTANT_CONVERSION = YES;
				CLANG_WARN_DEPRECATED_OBJC_IMPLEMENTATIONS = YES;
				CLANG_WARN_DIRECT_OBJC_ISA_USAGE = YES_ERROR;
				CLANG_WARN_DOCUMENTATION_COMMENTS = YES;
				CLANG_WARN_EMPTY_BODY = YES;
				CLANG_WARN_ENUM_CONVERSION = YES;
				CLANG_WARN_INFINITE_RECURSION = YES;
				CLANG_WARN_INT_CONVERSION = YES;
				CLANG_WARN_NON_LITERAL_NULL_CONVERSION = YES;
				CLANG_WARN_OBJC_IMPLICIT_RETAIN_SELF = YES;
				CLANG_WARN_OBJC_LITERAL_CONVERSION = YES;
				CLANG_WARN_OBJC_ROOT_CLASS = YES_ERROR;
				CLANG_WARN_QUOTED_INCLUDE_IN_FRAMEWORK_HEADER = YES;
				CLANG_WARN_RANGE_LOOP_ANALYSIS = YES;
				CLANG_WARN_STRICT_PROTOTYPES = YES;
				CLANG_WARN_SUSPICIOUS_MOVE = YES;
				CLANG_WARN_UNGUARDED_AVAILABILITY = YES_AGGRESSIVE;
				CLANG_WARN_UNREACHABLE_CODE = YES;
				CLANG_WARN__DUPLICATE_METHOD_MATCH = YES;
				COPY_PHASE_STRIP = NO;
				DEBUG_INFORMATION_FORMAT = "dwarf-with-dsym";
				ENABLE_NS_ASSERTIONS = NO;
				ENABLE_STRICT_OBJC_MSGSEND = YES;
				GCC_C_LANGUAGE_STANDARD = gnu11;
				GCC_NO_COMMON_BLOCKS = YES;
				GCC_WARN_64_TO_32_BIT_CONVERSION = YES;
				GCC_WARN_ABOUT_RETURN_TYPE = YES_ERROR;
				GCC_WARN_UNDECLARED_SELECTOR = YES;
				GCC_WARN_UNINITIALIZED_AUTOS = YES_AGGRESSIVE;
				GCC_WARN_UNUSED_FUNCTION = YES;
				GCC_WARN_UNUSED_VARIABLE = YES;
				IPHONEOS_DEPLOYMENT_TARGET = 14.3;
				MTL_ENABLE_DEBUG_INFO = NO;
				MTL_FAST_MATH = YES;
				SDKROOT = iphoneos;
				SWIFT_COMPILATION_MODE = wholemodule;
				SWIFT_OPTIMIZATION_LEVEL = "-O";
				VALIDATE_PRODUCT = YES;
			};
			name = Release;
		};
		DEF8E19025A0423A005FFBEB /* Debug */ = {
			isa = XCBuildConfiguration;
			buildSettings = {
				ASSETCATALOG_COMPILER_APPICON_NAME = AppIcon;
				ASSETCATALOG_COMPILER_GLOBAL_ACCENT_COLOR_NAME = AccentColor;
				CODE_SIGN_STYLE = Automatic;
				DEVELOPMENT_ASSET_PATHS = "\"Day23-AngularGradient/Preview Content\"";
				DEVELOPMENT_TEAM = 7UTB6LU2LV;
				ENABLE_PREVIEWS = YES;
				INFOPLIST_FILE = "Day23-AngularGradient/Info.plist";
				IPHONEOS_DEPLOYMENT_TARGET = 14.0;
				LD_RUNPATH_SEARCH_PATHS = (
					"$(inherited)",
					"@executable_path/Frameworks",
				);
				PRODUCT_BUNDLE_IDENTIFIER = "com.calidustech.Day23-AngularGradient";
				PRODUCT_NAME = "$(TARGET_NAME)";
				SWIFT_VERSION = 5.0;
				TARGETED_DEVICE_FAMILY = "1,2";
			};
			name = Debug;
		};
		DEF8E19125A0423A005FFBEB /* Release */ = {
			isa = XCBuildConfiguration;
			buildSettings = {
				ASSETCATALOG_COMPILER_APPICON_NAME = AppIcon;
				ASSETCATALOG_COMPILER_GLOBAL_ACCENT_COLOR_NAME = AccentColor;
				CODE_SIGN_STYLE = Automatic;
				DEVELOPMENT_ASSET_PATHS = "\"Day23-AngularGradient/Preview Content\"";
				DEVELOPMENT_TEAM = 7UTB6LU2LV;
				ENABLE_PREVIEWS = YES;
				INFOPLIST_FILE = "Day23-AngularGradient/Info.plist";
				IPHONEOS_DEPLOYMENT_TARGET = 14.0;
				LD_RUNPATH_SEARCH_PATHS = (
					"$(inherited)",
					"@executable_path/Frameworks",
				);
				PRODUCT_BUNDLE_IDENTIFIER = "com.calidustech.Day23-AngularGradient";
				PRODUCT_NAME = "$(TARGET_NAME)";
				SWIFT_VERSION = 5.0;
				TARGETED_DEVICE_FAMILY = "1,2";
			};
			name = Release;
		};
/* End XCBuildConfiguration section */

/* Begin XCConfigurationList section */
		DEF8E17B25A04237005FFBEB /* Build configuration list for PBXProject "Day23-AngularGradient" */ = {
			isa = XCConfigurationList;
			buildConfigurations = (
				DEF8E18D25A0423A005FFBEB /* Debug */,
				DEF8E18E25A0423A005FFBEB /* Release */,
			);
			defaultConfigurationIsVisible = 0;
			defaultConfigurationName = Release;
		};
		DEF8E18F25A0423A005FFBEB /* Build configuration list for PBXNativeTarget "Day23-AngularGradient" */ = {
			isa = XCConfigurationList;
			buildConfigurations = (
				DEF8E19025A0423A005FFBEB /* Debug */,
				DEF8E19125A0423A005FFBEB /* Release */,
			);
			defaultConfigurationIsVisible = 0;
			defaultConfigurationName = Release;
		};
/* End XCConfigurationList section */
	};
	rootObject = DEF8E17825A04237005FFBEB /* Project object */;
}
