// !$*UTF8*$!
{
	archiveVersion = 1;
	classes = {
	};
	objectVersion = 50;
	objects = {

/* Begin PBXBuildFile section */
		DE98AA9125A4C5FF002F9231 /* Day46_AccentColorApp.swift in Sources */ = {isa = PBXBuildFile; fileRef = DE98AA9025A4C5FF002F9231 /* Day46_AccentColorApp.swift */; };
		DE98AA9325A4C5FF002F9231 /* ContentView.swift in Sources */ = {isa = PBXBuildFile; fileRef = DE98AA9225A4C5FF002F9231 /* ContentView.swift */; };
		DE98AA9525A4C5FF002F9231 /* Assets.xcassets in Resources */ = {isa = PBXBuildFile; fileRef = DE98AA9425A4C5FF002F9231 /* Assets.xcassets */; };
		DE98AA9825A4C600002F9231 /* Preview Assets.xcassets in Resources */ = {isa = PBXBuildFile; fileRef = DE98AA9725A4C600002F9231 /* Preview Assets.xcassets */; };
		DE98AAA125A4C636002F9231 /* Ornek1.swift in Sources */ = {isa = PBXBuildFile; fileRef = DE98AAA025A4C636002F9231 /* Ornek1.swift */; };
/* End PBXBuildFile section */

/* Begin PBXFileReference section */
		DE98AA8D25A4C5FF002F9231 /* Day46-AccentColor.app */ = {isa = PBXFileReference; explicitFileType = wrapper.application; includeInIndex = 0; path = "Day46-AccentColor.app"; sourceTree = BUILT_PRODUCTS_DIR; };
		DE98AA9025A4C5FF002F9231 /* Day46_AccentColorApp.swift */ = {isa = PBXFileReference; lastKnownFileType = sourcecode.swift; path = Day46_AccentColorApp.swift; sourceTree = "<group>"; };
		DE98AA9225A4C5FF002F9231 /* ContentView.swift */ = {isa = PBXFileReference; lastKnownFileType = sourcecode.swift; path = ContentView.swift; sourceTree = "<group>"; };
		DE98AA9425A4C5FF002F9231 /* Assets.xcassets */ = {isa = PBXFileReference; lastKnownFileType = folder.assetcatalog; path = Assets.xcassets; sourceTree = "<group>"; };
		DE98AA9725A4C600002F9231 /* Preview Assets.xcassets */ = {isa = PBXFileReference; lastKnownFileType = folder.assetcatalog; path = "Preview Assets.xcassets"; sourceTree = "<group>"; };
		DE98AA9925A4C600002F9231 /* Info.plist */ = {isa = PBXFileReference; lastKnownFileType = text.plist.xml; path = Info.plist; sourceTree = "<group>"; };
		DE98AAA025A4C636002F9231 /* Ornek1.swift */ = {isa = PBXFileReference; lastKnownFileType = sourcecode.swift; path = Ornek1.swift; sourceTree = "<group>"; };
/* End PBXFileReference section */

/* Begin PBXFrameworksBuildPhase section */
		DE98AA8A25A4C5FE002F9231 /* Frameworks */ = {
			isa = PBXFrameworksBuildPhase;
			buildActionMask = 2147483647;
			files = (
			);
			runOnlyForDeploymentPostprocessing = 0;
		};
/* End PBXFrameworksBuildPhase section */

/* Begin PBXGroup section */
		DE98AA8425A4C5FE002F9231 = {
			isa = PBXGroup;
			children = (
				DE98AA8F25A4C5FF002F9231 /* Day46-AccentColor */,
				DE98AA8E25A4C5FF002F9231 /* Products */,
			);
			sourceTree = "<group>";
		};
		DE98AA8E25A4C5FF002F9231 /* Products */ = {
			isa = PBXGroup;
			children = (
				DE98AA8D25A4C5FF002F9231 /* Day46-AccentColor.app */,
			);
			name = Products;
			sourceTree = "<group>";
		};
		DE98AA8F25A4C5FF002F9231 /* Day46-AccentColor */ = {
			isa = PBXGroup;
			children = (
				DE98AA9025A4C5FF002F9231 /* Day46_AccentColorApp.swift */,
				DE98AA9225A4C5FF002F9231 /* ContentView.swift */,
				DE98AAA025A4C636002F9231 /* Ornek1.swift */,
				DE98AA9425A4C5FF002F9231 /* Assets.xcassets */,
				DE98AA9925A4C600002F9231 /* Info.plist */,
				DE98AA9625A4C600002F9231 /* Preview Content */,
			);
			path = "Day46-AccentColor";
			sourceTree = "<group>";
		};
		DE98AA9625A4C600002F9231 /* Preview Content */ = {
			isa = PBXGroup;
			children = (
				DE98AA9725A4C600002F9231 /* Preview Assets.xcassets */,
			);
			path = "Preview Content";
			sourceTree = "<group>";
		};
/* End PBXGroup section */

/* Begin PBXNativeTarget section */
		DE98AA8C25A4C5FE002F9231 /* Day46-AccentColor */ = {
			isa = PBXNativeTarget;
			buildConfigurationList = DE98AA9C25A4C600002F9231 /* Build configuration list for PBXNativeTarget "Day46-AccentColor" */;
			buildPhases = (
				DE98AA8925A4C5FE002F9231 /* Sources */,
				DE98AA8A25A4C5FE002F9231 /* Frameworks */,
				DE98AA8B25A4C5FE002F9231 /* Resources */,
			);
			buildRules = (
			);
			dependencies = (
			);
			name = "Day46-AccentColor";
			productName = "Day46-AccentColor";
			productReference = DE98AA8D25A4C5FF002F9231 /* Day46-AccentColor.app */;
			productType = "com.apple.product-type.application";
		};
/* End PBXNativeTarget section */

/* Begin PBXProject section */
		DE98AA8525A4C5FE002F9231 /* Project object */ = {
			isa = PBXProject;
			attributes = {
				LastSwiftUpdateCheck = 1230;
				LastUpgradeCheck = 1230;
				TargetAttributes = {
					DE98AA8C25A4C5FE002F9231 = {
						CreatedOnToolsVersion = 12.3;
					};
				};
			};
			buildConfigurationList = DE98AA8825A4C5FE002F9231 /* Build configuration list for PBXProject "Day46-AccentColor" */;
			compatibilityVersion = "Xcode 9.3";
			developmentRegion = en;
			hasScannedForEncodings = 0;
			knownRegions = (
				en,
				Base,
			);
			mainGroup = DE98AA8425A4C5FE002F9231;
			productRefGroup = DE98AA8E25A4C5FF002F9231 /* Products */;
			projectDirPath = "";
			projectRoot = "";
			targets = (
				DE98AA8C25A4C5FE002F9231 /* Day46-AccentColor */,
			);
		};
/* End PBXProject section */

/* Begin PBXResourcesBuildPhase section */
		DE98AA8B25A4C5FE002F9231 /* Resources */ = {
			isa = PBXResourcesBuildPhase;
			buildActionMask = 2147483647;
			files = (
				DE98AA9825A4C600002F9231 /* Preview Assets.xcassets in Resources */,
				DE98AA9525A4C5FF002F9231 /* Assets.xcassets in Resources */,
			);
			runOnlyForDeploymentPostprocessing = 0;
		};
/* End PBXResourcesBuildPhase section */

/* Begin PBXSourcesBuildPhase section */
		DE98AA8925A4C5FE002F9231 /* Sources */ = {
			isa = PBXSourcesBuildPhase;
			buildActionMask = 2147483647;
			files = (
				DE98AA9325A4C5FF002F9231 /* ContentView.swift in Sources */,
				DE98AA9125A4C5FF002F9231 /* Day46_AccentColorApp.swift in Sources */,
				DE98AAA125A4C636002F9231 /* Ornek1.swift in Sources */,
			);
			runOnlyForDeploymentPostprocessing = 0;
		};
/* End PBXSourcesBuildPhase section */

/* Begin XCBuildConfiguration section */
		DE98AA9A25A4C600002F9231 /* Debug */ = {
			isa = XCBuildConfiguration;
			buildSettings = {
				ALWAYS_SEARCH_USER_PATHS = NO;
				CLANG_ANALYZER_NONNULL = YES;
				CLANG_ANALYZER_NUMBER_OBJECT_CONVERSION = YES_AGGRESSIVE;
				CLANG_CXX_LANGUAGE_STANDARD = "gnu++14";
				CLANG_CXX_LIBRARY = "libc++";
				CLANG_ENABLE_MODULES = YES;
				CLANG_ENABLE_OBJC_ARC = YES;
				CLANG_ENABLE_OBJC_WEAK = YES;
				CLANG_WARN_BLOCK_CAPTURE_AUTORELEASING = YES;
				CLANG_WARN_BOOL_CONVERSION = YES;
				CLANG_WARN_COMMA = YES;
				CLANG_WARN_CONSTANT_CONVERSION = YES;
				CLANG_WARN_DEPRECATED_OBJC_IMPLEMENTATIONS = YES;
				CLANG_WARN_DIRECT_OBJC_ISA_USAGE = YES_ERROR;
				CLANG_WARN_DOCUMENTATION_COMMENTS = YES;
				CLANG_WARN_EMPTY_BODY = YES;
				CLANG_WARN_ENUM_CONVERSION = YES;
				CLANG_WARN_INFINITE_RECURSION = YES;
				CLANG_WARN_INT_CONVERSION = YES;
				CLANG_WARN_NON_LITERAL_NULL_CONVERSION = YES;
				CLANG_WARN_OBJC_IMPLICIT_RETAIN_SELF = YES;
				CLANG_WARN_OBJC_LITERAL_CONVERSION = YES;
				CLANG_WARN_OBJC_ROOT_CLASS = YES_ERROR;
				CLANG_WARN_QUOTED_INCLUDE_IN_FRAMEWORK_HEADER = YES;
				CLANG_WARN_RANGE_LOOP_ANALYSIS = YES;
				CLANG_WARN_STRICT_PROTOTYPES = YES;
				CLANG_WARN_SUSPICIOUS_MOVE = YES;
				CLANG_WARN_UNGUARDED_AVAILABILITY = YES_AGGRESSIVE;
				CLANG_WARN_UNREACHABLE_CODE = YES;
				CLANG_WARN__DUPLICATE_METHOD_MATCH = YES;
				COPY_PHASE_STRIP = NO;
				DEBUG_INFORMATION_FORMAT = dwarf;
				ENABLE_STRICT_OBJC_MSGSEND = YES;
				ENABLE_TESTABILITY = YES;
				GCC_C_LANGUAGE_STANDARD = gnu11;
				GCC_DYNAMIC_NO_PIC = NO;
				GCC_NO_COMMON_BLOCKS = YES;
				GCC_OPTIMIZATION_LEVEL = 0;
				GCC_PREPROCESSOR_DEFINITIONS = (
					"DEBUG=1",
					"$(inherited)",
				);
				GCC_WARN_64_TO_32_BIT_CONVERSION = YES;
				GCC_WARN_ABOUT_RETURN_TYPE = YES_ERROR;
				GCC_WARN_UNDECLARED_SELECTOR = YES;
				GCC_WARN_UNINITIALIZED_AUTOS = YES_AGGRESSIVE;
				GCC_WARN_UNUSED_FUNCTION = YES;
				GCC_WARN_UNUSED_VARIABLE = YES;
				IPHONEOS_DEPLOYMENT_TARGET = 14.3;
				MTL_ENABLE_DEBUG_INFO = INCLUDE_SOURCE;
				MTL_FAST_MATH = YES;
				ONLY_ACTIVE_ARCH = YES;
				SDKROOT = iphoneos;
				SWIFT_ACTIVE_COMPILATION_CONDITIONS = DEBUG;
				SWIFT_OPTIMIZATION_LEVEL = "-Onone";
			};
			name = Debug;
		};
		DE98AA9B25A4C600002F9231 /* Release */ = {
			isa = XCBuildConfiguration;
			buildSettings = {
				ALWAYS_SEARCH_USER_PATHS = NO;
				CLANG_ANALYZER_NONNULL = YES;
				CLANG_ANALYZER_NUMBER_OBJECT_CONVERSION = YES_AGGRESSIVE;
				CLANG_CXX_LANGUAGE_STANDARD = "gnu++14";
				CLANG_CXX_LIBRARY = "libc++";
				CLANG_ENABLE_MODULES = YES;
				CLANG_ENABLE_OBJC_ARC = YES;
				CLANG_ENABLE_OBJC_WEAK = YES;
				CLANG_WARN_BLOCK_CAPTURE_AUTORELEASING = YES;
				CLANG_WARN_BOOL_CONVERSION = YES;
				CLANG_WARN_COMMA = YES;
				CLANG_WARN_CONSTANT_CONVERSION = YES;
				CLANG_WARN_DEPRECATED_OBJC_IMPLEMENTATIONS = YES;
				CLANG_WARN_DIRECT_OBJC_ISA_USAGE = YES_ERROR;
				CLANG_WARN_DOCUMENTATION_COMMENTS = YES;
				CLANG_WARN_EMPTY_BODY = YES;
				CLANG_WARN_ENUM_CONVERSION = YES;
				CLANG_WARN_INFINITE_RECURSION = YES;
				CLANG_WARN_INT_CONVERSION = YES;
				CLANG_WARN_NON_LITERAL_NULL_CONVERSION = YES;
				CLANG_WARN_OBJC_IMPLICIT_RETAIN_SELF = YES;
				CLANG_WARN_OBJC_LITERAL_CONVERSION = YES;
				CLANG_WARN_OBJC_ROOT_CLASS = YES_ERROR;
				CLANG_WARN_QUOTED_INCLUDE_IN_FRAMEWORK_HEADER = YES;
				CLANG_WARN_RANGE_LOOP_ANALYSIS = YES;
				CLANG_WARN_STRICT_PROTOTYPES = YES;
				CLANG_WARN_SUSPICIOUS_MOVE = YES;
				CLANG_WARN_UNGUARDED_AVAILABILITY = YES_AGGRESSIVE;
				CLANG_WARN_UNREACHABLE_CODE = YES;
				CLANG_WARN__DUPLICATE_METHOD_MATCH = YES;
				COPY_PHASE_STRIP = NO;
				DEBUG_INFORMATION_FORMAT = "dwarf-with-dsym";
				ENABLE_NS_ASSERTIONS = NO;
				ENABLE_STRICT_OBJC_MSGSEND = YES;
				GCC_C_LANGUAGE_STANDARD = gnu11;
				GCC_NO_COMMON_BLOCKS = YES;
				GCC_WARN_64_TO_32_BIT_CONVERSION = YES;
				GCC_WARN_ABOUT_RETURN_TYPE = YES_ERROR;
				GCC_WARN_UNDECLARED_SELECTOR = YES;
				GCC_WARN_UNINITIALIZED_AUTOS = YES_AGGRESSIVE;
				GCC_WARN_UNUSED_FUNCTION = YES;
				GCC_WARN_UNUSED_VARIABLE = YES;
				IPHONEOS_DEPLOYMENT_TARGET = 14.3;
				MTL_ENABLE_DEBUG_INFO = NO;
				MTL_FAST_MATH = YES;
				SDKROOT = iphoneos;
				SWIFT_COMPILATION_MODE = wholemodule;
				SWIFT_OPTIMIZATION_LEVEL = "-O";
				VALIDATE_PRODUCT = YES;
			};
			name = Release;
		};
		DE98AA9D25A4C600002F9231 /* Debug */ = {
			isa = XCBuildConfiguration;
			buildSettings = {
				ASSETCATALOG_COMPILER_APPICON_NAME = AppIcon;
				ASSETCATALOG_COMPILER_GLOBAL_ACCENT_COLOR_NAME = AccentColor;
				CODE_SIGN_STYLE = Automatic;
				DEVELOPMENT_ASSET_PATHS = "\"Day46-AccentColor/Preview Content\"";
				DEVELOPMENT_TEAM = 7UTB6LU2LV;
				ENABLE_PREVIEWS = YES;
				INFOPLIST_FILE = "Day46-AccentColor/Info.plist";
				IPHONEOS_DEPLOYMENT_TARGET = 14.0;
				LD_RUNPATH_SEARCH_PATHS = (
					"$(inherited)",
					"@executable_path/Frameworks",
				);
				PRODUCT_BUNDLE_IDENTIFIER = "com.calidustech.Day46-AccentColor";
				PRODUCT_NAME = "$(TARGET_NAME)";
				SWIFT_VERSION = 5.0;
				TARGETED_DEVICE_FAMILY = "1,2";
			};
			name = Debug;
		};
		DE98AA9E25A4C600002F9231 /* Release */ = {
			isa = XCBuildConfiguration;
			buildSettings = {
				ASSETCATALOG_COMPILER_APPICON_NAME = AppIcon;
				ASSETCATALOG_COMPILER_GLOBAL_ACCENT_COLOR_NAME = AccentColor;
				CODE_SIGN_STYLE = Automatic;
				DEVELOPMENT_ASSET_PATHS = "\"Day46-AccentColor/Preview Content\"";
				DEVELOPMENT_TEAM = 7UTB6LU2LV;
				ENABLE_PREVIEWS = YES;
				INFOPLIST_FILE = "Day46-AccentColor/Info.plist";
				IPHONEOS_DEPLOYMENT_TARGET = 14.0;
				LD_RUNPATH_SEARCH_PATHS = (
					"$(inherited)",
					"@executable_path/Frameworks",
				);
				PRODUCT_BUNDLE_IDENTIFIER = "com.calidustech.Day46-AccentColor";
				PRODUCT_NAME = "$(TARGET_NAME)";
				SWIFT_VERSION = 5.0;
				TARGETED_DEVICE_FAMILY = "1,2";
			};
			name = Release;
		};
/* End XCBuildConfiguration section */

/* Begin XCConfigurationList section */
		DE98AA8825A4C5FE002F9231 /* Build configuration list for PBXProject "Day46-AccentColor" */ = {
			isa = XCConfigurationList;
			buildConfigurations = (
				DE98AA9A25A4C600002F9231 /* Debug */,
				DE98AA9B25A4C600002F9231 /* Release */,
			);
			defaultConfigurationIsVisible = 0;
			defaultConfigurationName = Release;
		};
		DE98AA9C25A4C600002F9231 /* Build configuration list for PBXNativeTarget "Day46-AccentColor" */ = {
			isa = XCConfigurationList;
			buildConfigurations = (
				DE98AA9D25A4C600002F9231 /* Debug */,
				DE98AA9E25A4C600002F9231 /* Release */,
			);
			defaultConfigurationIsVisible = 0;
			defaultConfigurationName = Release;
		};
/* End XCConfigurationList section */
	};
	rootObject = DE98AA8525A4C5FE002F9231 /* Project object */;
}
