// !$*UTF8*$!
{
	archiveVersion = 1;
	classes = {
	};
	objectVersion = 50;
	objects = {

/* Begin PBXBuildFile section */
		DE1F07F125B9CD3E00DB982E /* Day80_MagnificationGestureApp.swift in Sources */ = {isa = PBXBuildFile; fileRef = DE1F07F025B9CD3E00DB982E /* Day80_MagnificationGestureApp.swift */; };
		DE1F07F325B9CD3E00DB982E /* ContentView.swift in Sources */ = {isa = PBXBuildFile; fileRef = DE1F07F225B9CD3E00DB982E /* ContentView.swift */; };
		DE1F07F525B9CD3F00DB982E /* Assets.xcassets in Resources */ = {isa = PBXBuildFile; fileRef = DE1F07F425B9CD3F00DB982E /* Assets.xcassets */; };
		DE1F07F825B9CD3F00DB982E /* Preview Assets.xcassets in Resources */ = {isa = PBXBuildFile; fileRef = DE1F07F725B9CD3F00DB982E /* Preview Assets.xcassets */; };
		DE1F080125B9CD7F00DB982E /* Ornek1.swift in Sources */ = {isa = PBXBuildFile; fileRef = DE1F080025B9CD7F00DB982E /* Ornek1.swift */; };
		DE1F080425B9CF9600DB982E /* Ornek2.swift in Sources */ = {isa = PBXBuildFile; fileRef = DE1F080325B9CF9600DB982E /* Ornek2.swift */; };
/* End PBXBuildFile section */

/* Begin PBXFileReference section */
		DE1F07ED25B9CD3E00DB982E /* Day80-MagnificationGesture.app */ = {isa = PBXFileReference; explicitFileType = wrapper.application; includeInIndex = 0; path = "Day80-MagnificationGesture.app"; sourceTree = BUILT_PRODUCTS_DIR; };
		DE1F07F025B9CD3E00DB982E /* Day80_MagnificationGestureApp.swift */ = {isa = PBXFileReference; lastKnownFileType = sourcecode.swift; path = Day80_MagnificationGestureApp.swift; sourceTree = "<group>"; };
		DE1F07F225B9CD3E00DB982E /* ContentView.swift */ = {isa = PBXFileReference; lastKnownFileType = sourcecode.swift; path = ContentView.swift; sourceTree = "<group>"; };
		DE1F07F425B9CD3F00DB982E /* Assets.xcassets */ = {isa = PBXFileReference; lastKnownFileType = folder.assetcatalog; path = Assets.xcassets; sourceTree = "<group>"; };
		DE1F07F725B9CD3F00DB982E /* Preview Assets.xcassets */ = {isa = PBXFileReference; lastKnownFileType = folder.assetcatalog; path = "Preview Assets.xcassets"; sourceTree = "<group>"; };
		DE1F07F925B9CD3F00DB982E /* Info.plist */ = {isa = PBXFileReference; lastKnownFileType = text.plist.xml; path = Info.plist; sourceTree = "<group>"; };
		DE1F080025B9CD7F00DB982E /* Ornek1.swift */ = {isa = PBXFileReference; lastKnownFileType = sourcecode.swift; path = Ornek1.swift; sourceTree = "<group>"; };
		DE1F080325B9CF9600DB982E /* Ornek2.swift */ = {isa = PBXFileReference; lastKnownFileType = sourcecode.swift; path = Ornek2.swift; sourceTree = "<group>"; };
/* End PBXFileReference section */

/* Begin PBXFrameworksBuildPhase section */
		DE1F07EA25B9CD3E00DB982E /* Frameworks */ = {
			isa = PBXFrameworksBuildPhase;
			buildActionMask = 2147483647;
			files = (
			);
			runOnlyForDeploymentPostprocessing = 0;
		};
/* End PBXFrameworksBuildPhase section */

/* Begin PBXGroup section */
		DE1F07E425B9CD3E00DB982E = {
			isa = PBXGroup;
			children = (
				DE1F07EF25B9CD3E00DB982E /* Day80-MagnificationGesture */,
				DE1F07EE25B9CD3E00DB982E /* Products */,
			);
			sourceTree = "<group>";
		};
		DE1F07EE25B9CD3E00DB982E /* Products */ = {
			isa = PBXGroup;
			children = (
				DE1F07ED25B9CD3E00DB982E /* Day80-MagnificationGesture.app */,
			);
			name = Products;
			sourceTree = "<group>";
		};
		DE1F07EF25B9CD3E00DB982E /* Day80-MagnificationGesture */ = {
			isa = PBXGroup;
			children = (
				DE1F07F025B9CD3E00DB982E /* Day80_MagnificationGestureApp.swift */,
				DE1F07F225B9CD3E00DB982E /* ContentView.swift */,
				DE1F080025B9CD7F00DB982E /* Ornek1.swift */,
				DE1F080325B9CF9600DB982E /* Ornek2.swift */,
				DE1F07F425B9CD3F00DB982E /* Assets.xcassets */,
				DE1F07F925B9CD3F00DB982E /* Info.plist */,
				DE1F07F625B9CD3F00DB982E /* Preview Content */,
			);
			path = "Day80-MagnificationGesture";
			sourceTree = "<group>";
		};
		DE1F07F625B9CD3F00DB982E /* Preview Content */ = {
			isa = PBXGroup;
			children = (
				DE1F07F725B9CD3F00DB982E /* Preview Assets.xcassets */,
			);
			path = "Preview Content";
			sourceTree = "<group>";
		};
/* End PBXGroup section */

/* Begin PBXNativeTarget section */
		DE1F07EC25B9CD3E00DB982E /* Day80-MagnificationGesture */ = {
			isa = PBXNativeTarget;
			buildConfigurationList = DE1F07FC25B9CD3F00DB982E /* Build configuration list for PBXNativeTarget "Day80-MagnificationGesture" */;
			buildPhases = (
				DE1F07E925B9CD3E00DB982E /* Sources */,
				DE1F07EA25B9CD3E00DB982E /* Frameworks */,
				DE1F07EB25B9CD3E00DB982E /* Resources */,
			);
			buildRules = (
			);
			dependencies = (
			);
			name = "Day80-MagnificationGesture";
			productName = "Day80-MagnificationGesture";
			productReference = DE1F07ED25B9CD3E00DB982E /* Day80-MagnificationGesture.app */;
			productType = "com.apple.product-type.application";
		};
/* End PBXNativeTarget section */

/* Begin PBXProject section */
		DE1F07E525B9CD3E00DB982E /* Project object */ = {
			isa = PBXProject;
			attributes = {
				LastSwiftUpdateCheck = 1230;
				LastUpgradeCheck = 1230;
				TargetAttributes = {
					DE1F07EC25B9CD3E00DB982E = {
						CreatedOnToolsVersion = 12.3;
					};
				};
			};
			buildConfigurationList = DE1F07E825B9CD3E00DB982E /* Build configuration list for PBXProject "Day80-MagnificationGesture" */;
			compatibilityVersion = "Xcode 9.3";
			developmentRegion = en;
			hasScannedForEncodings = 0;
			knownRegions = (
				en,
				Base,
			);
			mainGroup = DE1F07E425B9CD3E00DB982E;
			productRefGroup = DE1F07EE25B9CD3E00DB982E /* Products */;
			projectDirPath = "";
			projectRoot = "";
			targets = (
				DE1F07EC25B9CD3E00DB982E /* Day80-MagnificationGesture */,
			);
		};
/* End PBXProject section */

/* Begin PBXResourcesBuildPhase section */
		DE1F07EB25B9CD3E00DB982E /* Resources */ = {
			isa = PBXResourcesBuildPhase;
			buildActionMask = 2147483647;
			files = (
				DE1F07F825B9CD3F00DB982E /* Preview Assets.xcassets in Resources */,
				DE1F07F525B9CD3F00DB982E /* Assets.xcassets in Resources */,
			);
			runOnlyForDeploymentPostprocessing = 0;
		};
/* End PBXResourcesBuildPhase section */

/* Begin PBXSourcesBuildPhase section */
		DE1F07E925B9CD3E00DB982E /* Sources */ = {
			isa = PBXSourcesBuildPhase;
			buildActionMask = 2147483647;
			files = (
				DE1F080425B9CF9600DB982E /* Ornek2.swift in Sources */,
				DE1F07F325B9CD3E00DB982E /* ContentView.swift in Sources */,
				DE1F07F125B9CD3E00DB982E /* Day80_MagnificationGestureApp.swift in Sources */,
				DE1F080125B9CD7F00DB982E /* Ornek1.swift in Sources */,
			);
			runOnlyForDeploymentPostprocessing = 0;
		};
/* End PBXSourcesBuildPhase section */

/* Begin XCBuildConfiguration section */
		DE1F07FA25B9CD3F00DB982E /* Debug */ = {
			isa = XCBuildConfiguration;
			buildSettings = {
				ALWAYS_SEARCH_USER_PATHS = NO;
				CLANG_ANALYZER_NONNULL = YES;
				CLANG_ANALYZER_NUMBER_OBJECT_CONVERSION = YES_AGGRESSIVE;
				CLANG_CXX_LANGUAGE_STANDARD = "gnu++14";
				CLANG_CXX_LIBRARY = "libc++";
				CLANG_ENABLE_MODULES = YES;
				CLANG_ENABLE_OBJC_ARC = YES;
				CLANG_ENABLE_OBJC_WEAK = YES;
				CLANG_WARN_BLOCK_CAPTURE_AUTORELEASING = YES;
				CLANG_WARN_BOOL_CONVERSION = YES;
				CLANG_WARN_COMMA = YES;
				CLANG_WARN_CONSTANT_CONVERSION = YES;
				CLANG_WARN_DEPRECATED_OBJC_IMPLEMENTATIONS = YES;
				CLANG_WARN_DIRECT_OBJC_ISA_USAGE = YES_ERROR;
				CLANG_WARN_DOCUMENTATION_COMMENTS = YES;
				CLANG_WARN_EMPTY_BODY = YES;
				CLANG_WARN_ENUM_CONVERSION = YES;
				CLANG_WARN_INFINITE_RECURSION = YES;
				CLANG_WARN_INT_CONVERSION = YES;
				CLANG_WARN_NON_LITERAL_NULL_CONVERSION = YES;
				CLANG_WARN_OBJC_IMPLICIT_RETAIN_SELF = YES;
				CLANG_WARN_OBJC_LITERAL_CONVERSION = YES;
				CLANG_WARN_OBJC_ROOT_CLASS = YES_ERROR;
				CLANG_WARN_QUOTED_INCLUDE_IN_FRAMEWORK_HEADER = YES;
				CLANG_WARN_RANGE_LOOP_ANALYSIS = YES;
				CLANG_WARN_STRICT_PROTOTYPES = YES;
				CLANG_WARN_SUSPICIOUS_MOVE = YES;
				CLANG_WARN_UNGUARDED_AVAILABILITY = YES_AGGRESSIVE;
				CLANG_WARN_UNREACHABLE_CODE = YES;
				CLANG_WARN__DUPLICATE_METHOD_MATCH = YES;
				COPY_PHASE_STRIP = NO;
				DEBUG_INFORMATION_FORMAT = dwarf;
				ENABLE_STRICT_OBJC_MSGSEND = YES;
				ENABLE_TESTABILITY = YES;
				GCC_C_LANGUAGE_STANDARD = gnu11;
				GCC_DYNAMIC_NO_PIC = NO;
				GCC_NO_COMMON_BLOCKS = YES;
				GCC_OPTIMIZATION_LEVEL = 0;
				GCC_PREPROCESSOR_DEFINITIONS = (
					"DEBUG=1",
					"$(inherited)",
				);
				GCC_WARN_64_TO_32_BIT_CONVERSION = YES;
				GCC_WARN_ABOUT_RETURN_TYPE = YES_ERROR;
				GCC_WARN_UNDECLARED_SELECTOR = YES;
				GCC_WARN_UNINITIALIZED_AUTOS = YES_AGGRESSIVE;
				GCC_WARN_UNUSED_FUNCTION = YES;
				GCC_WARN_UNUSED_VARIABLE = YES;
				IPHONEOS_DEPLOYMENT_TARGET = 14.3;
				MTL_ENABLE_DEBUG_INFO = INCLUDE_SOURCE;
				MTL_FAST_MATH = YES;
				ONLY_ACTIVE_ARCH = YES;
				SDKROOT = iphoneos;
				SWIFT_ACTIVE_COMPILATION_CONDITIONS = DEBUG;
				SWIFT_OPTIMIZATION_LEVEL = "-Onone";
			};
			name = Debug;
		};
		DE1F07FB25B9CD3F00DB982E /* Release */ = {
			isa = XCBuildConfiguration;
			buildSettings = {
				ALWAYS_SEARCH_USER_PATHS = NO;
				CLANG_ANALYZER_NONNULL = YES;
				CLANG_ANALYZER_NUMBER_OBJECT_CONVERSION = YES_AGGRESSIVE;
				CLANG_CXX_LANGUAGE_STANDARD = "gnu++14";
				CLANG_CXX_LIBRARY = "libc++";
				CLANG_ENABLE_MODULES = YES;
				CLANG_ENABLE_OBJC_ARC = YES;
				CLANG_ENABLE_OBJC_WEAK = YES;
				CLANG_WARN_BLOCK_CAPTURE_AUTORELEASING = YES;
				CLANG_WARN_BOOL_CONVERSION = YES;
				CLANG_WARN_COMMA = YES;
				CLANG_WARN_CONSTANT_CONVERSION = YES;
				CLANG_WARN_DEPRECATED_OBJC_IMPLEMENTATIONS = YES;
				CLANG_WARN_DIRECT_OBJC_ISA_USAGE = YES_ERROR;
				CLANG_WARN_DOCUMENTATION_COMMENTS = YES;
				CLANG_WARN_EMPTY_BODY = YES;
				CLANG_WARN_ENUM_CONVERSION = YES;
				CLANG_WARN_INFINITE_RECURSION = YES;
				CLANG_WARN_INT_CONVERSION = YES;
				CLANG_WARN_NON_LITERAL_NULL_CONVERSION = YES;
				CLANG_WARN_OBJC_IMPLICIT_RETAIN_SELF = YES;
				CLANG_WARN_OBJC_LITERAL_CONVERSION = YES;
				CLANG_WARN_OBJC_ROOT_CLASS = YES_ERROR;
				CLANG_WARN_QUOTED_INCLUDE_IN_FRAMEWORK_HEADER = YES;
				CLANG_WARN_RANGE_LOOP_ANALYSIS = YES;
				CLANG_WARN_STRICT_PROTOTYPES = YES;
				CLANG_WARN_SUSPICIOUS_MOVE = YES;
				CLANG_WARN_UNGUARDED_AVAILABILITY = YES_AGGRESSIVE;
				CLANG_WARN_UNREACHABLE_CODE = YES;
				CLANG_WARN__DUPLICATE_METHOD_MATCH = YES;
				COPY_PHASE_STRIP = NO;
				DEBUG_INFORMATION_FORMAT = "dwarf-with-dsym";
				ENABLE_NS_ASSERTIONS = NO;
				ENABLE_STRICT_OBJC_MSGSEND = YES;
				GCC_C_LANGUAGE_STANDARD = gnu11;
				GCC_NO_COMMON_BLOCKS = YES;
				GCC_WARN_64_TO_32_BIT_CONVERSION = YES;
				GCC_WARN_ABOUT_RETURN_TYPE = YES_ERROR;
				GCC_WARN_UNDECLARED_SELECTOR = YES;
				GCC_WARN_UNINITIALIZED_AUTOS = YES_AGGRESSIVE;
				GCC_WARN_UNUSED_FUNCTION = YES;
				GCC_WARN_UNUSED_VARIABLE = YES;
				IPHONEOS_DEPLOYMENT_TARGET = 14.3;
				MTL_ENABLE_DEBUG_INFO = NO;
				MTL_FAST_MATH = YES;
				SDKROOT = iphoneos;
				SWIFT_COMPILATION_MODE = wholemodule;
				SWIFT_OPTIMIZATION_LEVEL = "-O";
				VALIDATE_PRODUCT = YES;
			};
			name = Release;
		};
		DE1F07FD25B9CD3F00DB982E /* Debug */ = {
			isa = XCBuildConfiguration;
			buildSettings = {
				ASSETCATALOG_COMPILER_APPICON_NAME = AppIcon;
				ASSETCATALOG_COMPILER_GLOBAL_ACCENT_COLOR_NAME = AccentColor;
				CODE_SIGN_STYLE = Automatic;
				DEVELOPMENT_ASSET_PATHS = "\"Day80-MagnificationGesture/Preview Content\"";
				DEVELOPMENT_TEAM = 7UTB6LU2LV;
				ENABLE_PREVIEWS = YES;
				INFOPLIST_FILE = "Day80-MagnificationGesture/Info.plist";
				IPHONEOS_DEPLOYMENT_TARGET = 14.0;
				LD_RUNPATH_SEARCH_PATHS = (
					"$(inherited)",
					"@executable_path/Frameworks",
				);
				PRODUCT_BUNDLE_IDENTIFIER = "com.calidustech.Day80-MagnificationGesture";
				PRODUCT_NAME = "$(TARGET_NAME)";
				SWIFT_VERSION = 5.0;
				TARGETED_DEVICE_FAMILY = "1,2";
			};
			name = Debug;
		};
		DE1F07FE25B9CD3F00DB982E /* Release */ = {
			isa = XCBuildConfiguration;
			buildSettings = {
				ASSETCATALOG_COMPILER_APPICON_NAME = AppIcon;
				ASSETCATALOG_COMPILER_GLOBAL_ACCENT_COLOR_NAME = AccentColor;
				CODE_SIGN_STYLE = Automatic;
				DEVELOPMENT_ASSET_PATHS = "\"Day80-MagnificationGesture/Preview Content\"";
				DEVELOPMENT_TEAM = 7UTB6LU2LV;
				ENABLE_PREVIEWS = YES;
				INFOPLIST_FILE = "Day80-MagnificationGesture/Info.plist";
				IPHONEOS_DEPLOYMENT_TARGET = 14.0;
				LD_RUNPATH_SEARCH_PATHS = (
					"$(inherited)",
					"@executable_path/Frameworks",
				);
				PRODUCT_BUNDLE_IDENTIFIER = "com.calidustech.Day80-MagnificationGesture";
				PRODUCT_NAME = "$(TARGET_NAME)";
				SWIFT_VERSION = 5.0;
				TARGETED_DEVICE_FAMILY = "1,2";
			};
			name = Release;
		};
/* End XCBuildConfiguration section */

/* Begin XCConfigurationList section */
		DE1F07E825B9CD3E00DB982E /* Build configuration list for PBXProject "Day80-MagnificationGesture" */ = {
			isa = XCConfigurationList;
			buildConfigurations = (
				DE1F07FA25B9CD3F00DB982E /* Debug */,
				DE1F07FB25B9CD3F00DB982E /* Release */,
			);
			defaultConfigurationIsVisible = 0;
			defaultConfigurationName = Release;
		};
		DE1F07FC25B9CD3F00DB982E /* Build configuration list for PBXNativeTarget "Day80-MagnificationGesture" */ = {
			isa = XCConfigurationList;
			buildConfigurations = (
				DE1F07FD25B9CD3F00DB982E /* Debug */,
				DE1F07FE25B9CD3F00DB982E /* Release */,
			);
			defaultConfigurationIsVisible = 0;
			defaultConfigurationName = Release;
		};
/* End XCConfigurationList section */
	};
	rootObject = DE1F07E525B9CD3E00DB982E /* Project object */;
}
