// !$*UTF8*$!
{
	archiveVersion = 1;
	classes = {
	};
	objectVersion = 50;
	objects = {

/* Begin PBXBuildFile section */
		DEC54ED025C583B400480AB6 /* Day93_CustomTimingCurvesApp.swift in Sources */ = {isa = PBXBuildFile; fileRef = DEC54ECF25C583B400480AB6 /* Day93_CustomTimingCurvesApp.swift */; };
		DEC54ED225C583B400480AB6 /* ContentView.swift in Sources */ = {isa = PBXBuildFile; fileRef = DEC54ED125C583B400480AB6 /* ContentView.swift */; };
		DEC54ED425C583B500480AB6 /* Assets.xcassets in Resources */ = {isa = PBXBuildFile; fileRef = DEC54ED325C583B500480AB6 /* Assets.xcassets */; };
		DEC54ED725C583B500480AB6 /* Preview Assets.xcassets in Resources */ = {isa = PBXBuildFile; fileRef = DEC54ED625C583B500480AB6 /* Preview Assets.xcassets */; };
		DEC54EE025C5841C00480AB6 /* Ornek1_Egri_Olusturma.swift in Sources */ = {isa = PBXBuildFile; fileRef = DEC54EDF25C5841C00480AB6 /* Ornek1_Egri_Olusturma.swift */; };
		DEC54EE325C5869300480AB6 /* Ornek2_Timing_Curve.swift in Sources */ = {isa = PBXBuildFile; fileRef = DEC54EE225C5869300480AB6 /* Ornek2_Timing_Curve.swift */; };
/* End PBXBuildFile section */

/* Begin PBXFileReference section */
		DEC54ECC25C583B400480AB6 /* Day93-CustomTimingCurves.app */ = {isa = PBXFileReference; explicitFileType = wrapper.application; includeInIndex = 0; path = "Day93-CustomTimingCurves.app"; sourceTree = BUILT_PRODUCTS_DIR; };
		DEC54ECF25C583B400480AB6 /* Day93_CustomTimingCurvesApp.swift */ = {isa = PBXFileReference; lastKnownFileType = sourcecode.swift; path = Day93_CustomTimingCurvesApp.swift; sourceTree = "<group>"; };
		DEC54ED125C583B400480AB6 /* ContentView.swift */ = {isa = PBXFileReference; lastKnownFileType = sourcecode.swift; path = ContentView.swift; sourceTree = "<group>"; };
		DEC54ED325C583B500480AB6 /* Assets.xcassets */ = {isa = PBXFileReference; lastKnownFileType = folder.assetcatalog; path = Assets.xcassets; sourceTree = "<group>"; };
		DEC54ED625C583B500480AB6 /* Preview Assets.xcassets */ = {isa = PBXFileReference; lastKnownFileType = folder.assetcatalog; path = "Preview Assets.xcassets"; sourceTree = "<group>"; };
		DEC54ED825C583B500480AB6 /* Info.plist */ = {isa = PBXFileReference; lastKnownFileType = text.plist.xml; path = Info.plist; sourceTree = "<group>"; };
		DEC54EDF25C5841C00480AB6 /* Ornek1_Egri_Olusturma.swift */ = {isa = PBXFileReference; lastKnownFileType = sourcecode.swift; path = Ornek1_Egri_Olusturma.swift; sourceTree = "<group>"; };
		DEC54EE225C5869300480AB6 /* Ornek2_Timing_Curve.swift */ = {isa = PBXFileReference; lastKnownFileType = sourcecode.swift; path = Ornek2_Timing_Curve.swift; sourceTree = "<group>"; };
/* End PBXFileReference section */

/* Begin PBXFrameworksBuildPhase section */
		DEC54EC925C583B400480AB6 /* Frameworks */ = {
			isa = PBXFrameworksBuildPhase;
			buildActionMask = 2147483647;
			files = (
			);
			runOnlyForDeploymentPostprocessing = 0;
		};
/* End PBXFrameworksBuildPhase section */

/* Begin PBXGroup section */
		DEC54EC325C583B400480AB6 = {
			isa = PBXGroup;
			children = (
				DEC54ECE25C583B400480AB6 /* Day93-CustomTimingCurves */,
				DEC54ECD25C583B400480AB6 /* Products */,
			);
			sourceTree = "<group>";
		};
		DEC54ECD25C583B400480AB6 /* Products */ = {
			isa = PBXGroup;
			children = (
				DEC54ECC25C583B400480AB6 /* Day93-CustomTimingCurves.app */,
			);
			name = Products;
			sourceTree = "<group>";
		};
		DEC54ECE25C583B400480AB6 /* Day93-CustomTimingCurves */ = {
			isa = PBXGroup;
			children = (
				DEC54ECF25C583B400480AB6 /* Day93_CustomTimingCurvesApp.swift */,
				DEC54ED125C583B400480AB6 /* ContentView.swift */,
				DEC54EDF25C5841C00480AB6 /* Ornek1_Egri_Olusturma.swift */,
				DEC54EE225C5869300480AB6 /* Ornek2_Timing_Curve.swift */,
				DEC54ED325C583B500480AB6 /* Assets.xcassets */,
				DEC54ED825C583B500480AB6 /* Info.plist */,
				DEC54ED525C583B500480AB6 /* Preview Content */,
			);
			path = "Day93-CustomTimingCurves";
			sourceTree = "<group>";
		};
		DEC54ED525C583B500480AB6 /* Preview Content */ = {
			isa = PBXGroup;
			children = (
				DEC54ED625C583B500480AB6 /* Preview Assets.xcassets */,
			);
			path = "Preview Content";
			sourceTree = "<group>";
		};
/* End PBXGroup section */

/* Begin PBXNativeTarget section */
		DEC54ECB25C583B400480AB6 /* Day93-CustomTimingCurves */ = {
			isa = PBXNativeTarget;
			buildConfigurationList = DEC54EDB25C583B500480AB6 /* Build configuration list for PBXNativeTarget "Day93-CustomTimingCurves" */;
			buildPhases = (
				DEC54EC825C583B400480AB6 /* Sources */,
				DEC54EC925C583B400480AB6 /* Frameworks */,
				DEC54ECA25C583B400480AB6 /* Resources */,
			);
			buildRules = (
			);
			dependencies = (
			);
			name = "Day93-CustomTimingCurves";
			productName = "Day93-CustomTimingCurves";
			productReference = DEC54ECC25C583B400480AB6 /* Day93-CustomTimingCurves.app */;
			productType = "com.apple.product-type.application";
		};
/* End PBXNativeTarget section */

/* Begin PBXProject section */
		DEC54EC425C583B400480AB6 /* Project object */ = {
			isa = PBXProject;
			attributes = {
				LastSwiftUpdateCheck = 1230;
				LastUpgradeCheck = 1230;
				TargetAttributes = {
					DEC54ECB25C583B400480AB6 = {
						CreatedOnToolsVersion = 12.3;
					};
				};
			};
			buildConfigurationList = DEC54EC725C583B400480AB6 /* Build configuration list for PBXProject "Day93-CustomTimingCurves" */;
			compatibilityVersion = "Xcode 9.3";
			developmentRegion = en;
			hasScannedForEncodings = 0;
			knownRegions = (
				en,
				Base,
			);
			mainGroup = DEC54EC325C583B400480AB6;
			productRefGroup = DEC54ECD25C583B400480AB6 /* Products */;
			projectDirPath = "";
			projectRoot = "";
			targets = (
				DEC54ECB25C583B400480AB6 /* Day93-CustomTimingCurves */,
			);
		};
/* End PBXProject section */

/* Begin PBXResourcesBuildPhase section */
		DEC54ECA25C583B400480AB6 /* Resources */ = {
			isa = PBXResourcesBuildPhase;
			buildActionMask = 2147483647;
			files = (
				DEC54ED725C583B500480AB6 /* Preview Assets.xcassets in Resources */,
				DEC54ED425C583B500480AB6 /* Assets.xcassets in Resources */,
			);
			runOnlyForDeploymentPostprocessing = 0;
		};
/* End PBXResourcesBuildPhase section */

/* Begin PBXSourcesBuildPhase section */
		DEC54EC825C583B400480AB6 /* Sources */ = {
			isa = PBXSourcesBuildPhase;
			buildActionMask = 2147483647;
			files = (
				DEC54EE325C5869300480AB6 /* Ornek2_Timing_Curve.swift in Sources */,
				DEC54ED225C583B400480AB6 /* ContentView.swift in Sources */,
				DEC54EE025C5841C00480AB6 /* Ornek1_Egri_Olusturma.swift in Sources */,
				DEC54ED025C583B400480AB6 /* Day93_CustomTimingCurvesApp.swift in Sources */,
			);
			runOnlyForDeploymentPostprocessing = 0;
		};
/* End PBXSourcesBuildPhase section */

/* Begin XCBuildConfiguration section */
		DEC54ED925C583B500480AB6 /* Debug */ = {
			isa = XCBuildConfiguration;
			buildSettings = {
				ALWAYS_SEARCH_USER_PATHS = NO;
				CLANG_ANALYZER_NONNULL = YES;
				CLANG_ANALYZER_NUMBER_OBJECT_CONVERSION = YES_AGGRESSIVE;
				CLANG_CXX_LANGUAGE_STANDARD = "gnu++14";
				CLANG_CXX_LIBRARY = "libc++";
				CLANG_ENABLE_MODULES = YES;
				CLANG_ENABLE_OBJC_ARC = YES;
				CLANG_ENABLE_OBJC_WEAK = YES;
				CLANG_WARN_BLOCK_CAPTURE_AUTORELEASING = YES;
				CLANG_WARN_BOOL_CONVERSION = YES;
				CLANG_WARN_COMMA = YES;
				CLANG_WARN_CONSTANT_CONVERSION = YES;
				CLANG_WARN_DEPRECATED_OBJC_IMPLEMENTATIONS = YES;
				CLANG_WARN_DIRECT_OBJC_ISA_USAGE = YES_ERROR;
				CLANG_WARN_DOCUMENTATION_COMMENTS = YES;
				CLANG_WARN_EMPTY_BODY = YES;
				CLANG_WARN_ENUM_CONVERSION = YES;
				CLANG_WARN_INFINITE_RECURSION = YES;
				CLANG_WARN_INT_CONVERSION = YES;
				CLANG_WARN_NON_LITERAL_NULL_CONVERSION = YES;
				CLANG_WARN_OBJC_IMPLICIT_RETAIN_SELF = YES;
				CLANG_WARN_OBJC_LITERAL_CONVERSION = YES;
				CLANG_WARN_OBJC_ROOT_CLASS = YES_ERROR;
				CLANG_WARN_QUOTED_INCLUDE_IN_FRAMEWORK_HEADER = YES;
				CLANG_WARN_RANGE_LOOP_ANALYSIS = YES;
				CLANG_WARN_STRICT_PROTOTYPES = YES;
				CLANG_WARN_SUSPICIOUS_MOVE = YES;
				CLANG_WARN_UNGUARDED_AVAILABILITY = YES_AGGRESSIVE;
				CLANG_WARN_UNREACHABLE_CODE = YES;
				CLANG_WARN__DUPLICATE_METHOD_MATCH = YES;
				COPY_PHASE_STRIP = NO;
				DEBUG_INFORMATION_FORMAT = dwarf;
				ENABLE_STRICT_OBJC_MSGSEND = YES;
				ENABLE_TESTABILITY = YES;
				GCC_C_LANGUAGE_STANDARD = gnu11;
				GCC_DYNAMIC_NO_PIC = NO;
				GCC_NO_COMMON_BLOCKS = YES;
				GCC_OPTIMIZATION_LEVEL = 0;
				GCC_PREPROCESSOR_DEFINITIONS = (
					"DEBUG=1",
					"$(inherited)",
				);
				GCC_WARN_64_TO_32_BIT_CONVERSION = YES;
				GCC_WARN_ABOUT_RETURN_TYPE = YES_ERROR;
				GCC_WARN_UNDECLARED_SELECTOR = YES;
				GCC_WARN_UNINITIALIZED_AUTOS = YES_AGGRESSIVE;
				GCC_WARN_UNUSED_FUNCTION = YES;
				GCC_WARN_UNUSED_VARIABLE = YES;
				IPHONEOS_DEPLOYMENT_TARGET = 14.3;
				MTL_ENABLE_DEBUG_INFO = INCLUDE_SOURCE;
				MTL_FAST_MATH = YES;
				ONLY_ACTIVE_ARCH = YES;
				SDKROOT = iphoneos;
				SWIFT_ACTIVE_COMPILATION_CONDITIONS = DEBUG;
				SWIFT_OPTIMIZATION_LEVEL = "-Onone";
			};
			name = Debug;
		};
		DEC54EDA25C583B500480AB6 /* Release */ = {
			isa = XCBuildConfiguration;
			buildSettings = {
				ALWAYS_SEARCH_USER_PATHS = NO;
				CLANG_ANALYZER_NONNULL = YES;
				CLANG_ANALYZER_NUMBER_OBJECT_CONVERSION = YES_AGGRESSIVE;
				CLANG_CXX_LANGUAGE_STANDARD = "gnu++14";
				CLANG_CXX_LIBRARY = "libc++";
				CLANG_ENABLE_MODULES = YES;
				CLANG_ENABLE_OBJC_ARC = YES;
				CLANG_ENABLE_OBJC_WEAK = YES;
				CLANG_WARN_BLOCK_CAPTURE_AUTORELEASING = YES;
				CLANG_WARN_BOOL_CONVERSION = YES;
				CLANG_WARN_COMMA = YES;
				CLANG_WARN_CONSTANT_CONVERSION = YES;
				CLANG_WARN_DEPRECATED_OBJC_IMPLEMENTATIONS = YES;
				CLANG_WARN_DIRECT_OBJC_ISA_USAGE = YES_ERROR;
				CLANG_WARN_DOCUMENTATION_COMMENTS = YES;
				CLANG_WARN_EMPTY_BODY = YES;
				CLANG_WARN_ENUM_CONVERSION = YES;
				CLANG_WARN_INFINITE_RECURSION = YES;
				CLANG_WARN_INT_CONVERSION = YES;
				CLANG_WARN_NON_LITERAL_NULL_CONVERSION = YES;
				CLANG_WARN_OBJC_IMPLICIT_RETAIN_SELF = YES;
				CLANG_WARN_OBJC_LITERAL_CONVERSION = YES;
				CLANG_WARN_OBJC_ROOT_CLASS = YES_ERROR;
				CLANG_WARN_QUOTED_INCLUDE_IN_FRAMEWORK_HEADER = YES;
				CLANG_WARN_RANGE_LOOP_ANALYSIS = YES;
				CLANG_WARN_STRICT_PROTOTYPES = YES;
				CLANG_WARN_SUSPICIOUS_MOVE = YES;
				CLANG_WARN_UNGUARDED_AVAILABILITY = YES_AGGRESSIVE;
				CLANG_WARN_UNREACHABLE_CODE = YES;
				CLANG_WARN__DUPLICATE_METHOD_MATCH = YES;
				COPY_PHASE_STRIP = NO;
				DEBUG_INFORMATION_FORMAT = "dwarf-with-dsym";
				ENABLE_NS_ASSERTIONS = NO;
				ENABLE_STRICT_OBJC_MSGSEND = YES;
				GCC_C_LANGUAGE_STANDARD = gnu11;
				GCC_NO_COMMON_BLOCKS = YES;
				GCC_WARN_64_TO_32_BIT_CONVERSION = YES;
				GCC_WARN_ABOUT_RETURN_TYPE = YES_ERROR;
				GCC_WARN_UNDECLARED_SELECTOR = YES;
				GCC_WARN_UNINITIALIZED_AUTOS = YES_AGGRESSIVE;
				GCC_WARN_UNUSED_FUNCTION = YES;
				GCC_WARN_UNUSED_VARIABLE = YES;
				IPHONEOS_DEPLOYMENT_TARGET = 14.3;
				MTL_ENABLE_DEBUG_INFO = NO;
				MTL_FAST_MATH = YES;
				SDKROOT = iphoneos;
				SWIFT_COMPILATION_MODE = wholemodule;
				SWIFT_OPTIMIZATION_LEVEL = "-O";
				VALIDATE_PRODUCT = YES;
			};
			name = Release;
		};
		DEC54EDC25C583B500480AB6 /* Debug */ = {
			isa = XCBuildConfiguration;
			buildSettings = {
				ASSETCATALOG_COMPILER_APPICON_NAME = AppIcon;
				ASSETCATALOG_COMPILER_GLOBAL_ACCENT_COLOR_NAME = AccentColor;
				CODE_SIGN_STYLE = Automatic;
				DEVELOPMENT_ASSET_PATHS = "\"Day93-CustomTimingCurves/Preview Content\"";
				DEVELOPMENT_TEAM = 7UTB6LU2LV;
				ENABLE_PREVIEWS = YES;
				INFOPLIST_FILE = "Day93-CustomTimingCurves/Info.plist";
				IPHONEOS_DEPLOYMENT_TARGET = 14.0;
				LD_RUNPATH_SEARCH_PATHS = (
					"$(inherited)",
					"@executable_path/Frameworks",
				);
				PRODUCT_BUNDLE_IDENTIFIER = "com.calidustech.Day93-CustomTimingCurves";
				PRODUCT_NAME = "$(TARGET_NAME)";
				SWIFT_VERSION = 5.0;
				TARGETED_DEVICE_FAMILY = "1,2";
			};
			name = Debug;
		};
		DEC54EDD25C583B500480AB6 /* Release */ = {
			isa = XCBuildConfiguration;
			buildSettings = {
				ASSETCATALOG_COMPILER_APPICON_NAME = AppIcon;
				ASSETCATALOG_COMPILER_GLOBAL_ACCENT_COLOR_NAME = AccentColor;
				CODE_SIGN_STYLE = Automatic;
				DEVELOPMENT_ASSET_PATHS = "\"Day93-CustomTimingCurves/Preview Content\"";
				DEVELOPMENT_TEAM = 7UTB6LU2LV;
				ENABLE_PREVIEWS = YES;
				INFOPLIST_FILE = "Day93-CustomTimingCurves/Info.plist";
				IPHONEOS_DEPLOYMENT_TARGET = 14.0;
				LD_RUNPATH_SEARCH_PATHS = (
					"$(inherited)",
					"@executable_path/Frameworks",
				);
				PRODUCT_BUNDLE_IDENTIFIER = "com.calidustech.Day93-CustomTimingCurves";
				PRODUCT_NAME = "$(TARGET_NAME)";
				SWIFT_VERSION = 5.0;
				TARGETED_DEVICE_FAMILY = "1,2";
			};
			name = Release;
		};
/* End XCBuildConfiguration section */

/* Begin XCConfigurationList section */
		DEC54EC725C583B400480AB6 /* Build configuration list for PBXProject "Day93-CustomTimingCurves" */ = {
			isa = XCConfigurationList;
			buildConfigurations = (
				DEC54ED925C583B500480AB6 /* Debug */,
				DEC54EDA25C583B500480AB6 /* Release */,
			);
			defaultConfigurationIsVisible = 0;
			defaultConfigurationName = Release;
		};
		DEC54EDB25C583B500480AB6 /* Build configuration list for PBXNativeTarget "Day93-CustomTimingCurves" */ = {
			isa = XCConfigurationList;
			buildConfigurations = (
				DEC54EDC25C583B500480AB6 /* Debug */,
				DEC54EDD25C583B500480AB6 /* Release */,
			);
			defaultConfigurationIsVisible = 0;
			defaultConfigurationName = Release;
		};
/* End XCConfigurationList section */
	};
	rootObject = DEC54EC425C583B400480AB6 /* Project object */;
}
