// !$*UTF8*$!
{
	archiveVersion = 1;
	classes = {
	};
	objectVersion = 50;
	objects = {

/* Begin PBXBuildFile section */
		DE3AEC9225B06DB800806D02 /* Day76_RenderingModeApp.swift in Sources */ = {isa = PBXBuildFile; fileRef = DE3AEC9125B06DB800806D02 /* Day76_RenderingModeApp.swift */; };
		DE3AEC9425B06DB800806D02 /* ContentView.swift in Sources */ = {isa = PBXBuildFile; fileRef = DE3AEC9325B06DB800806D02 /* ContentView.swift */; };
		DE3AEC9625B06DBB00806D02 /* Assets.xcassets in Resources */ = {isa = PBXBuildFile; fileRef = DE3AEC9525B06DBB00806D02 /* Assets.xcassets */; };
		DE3AEC9925B06DBB00806D02 /* Preview Assets.xcassets in Resources */ = {isa = PBXBuildFile; fileRef = DE3AEC9825B06DBB00806D02 /* Preview Assets.xcassets */; };
		DE3AECA225B06DDA00806D02 /* Ornek1.swift in Sources */ = {isa = PBXBuildFile; fileRef = DE3AECA125B06DDA00806D02 /* Ornek1.swift */; };
/* End PBXBuildFile section */

/* Begin PBXFileReference section */
		DE3AEC8E25B06DB800806D02 /* Day76-RenderingMode.app */ = {isa = PBXFileReference; explicitFileType = wrapper.application; includeInIndex = 0; path = "Day76-RenderingMode.app"; sourceTree = BUILT_PRODUCTS_DIR; };
		DE3AEC9125B06DB800806D02 /* Day76_RenderingModeApp.swift */ = {isa = PBXFileReference; lastKnownFileType = sourcecode.swift; path = Day76_RenderingModeApp.swift; sourceTree = "<group>"; };
		DE3AEC9325B06DB800806D02 /* ContentView.swift */ = {isa = PBXFileReference; lastKnownFileType = sourcecode.swift; path = ContentView.swift; sourceTree = "<group>"; };
		DE3AEC9525B06DBB00806D02 /* Assets.xcassets */ = {isa = PBXFileReference; lastKnownFileType = folder.assetcatalog; path = Assets.xcassets; sourceTree = "<group>"; };
		DE3AEC9825B06DBB00806D02 /* Preview Assets.xcassets */ = {isa = PBXFileReference; lastKnownFileType = folder.assetcatalog; path = "Preview Assets.xcassets"; sourceTree = "<group>"; };
		DE3AEC9A25B06DBB00806D02 /* Info.plist */ = {isa = PBXFileReference; lastKnownFileType = text.plist.xml; path = Info.plist; sourceTree = "<group>"; };
		DE3AECA125B06DDA00806D02 /* Ornek1.swift */ = {isa = PBXFileReference; lastKnownFileType = sourcecode.swift; path = Ornek1.swift; sourceTree = "<group>"; };
/* End PBXFileReference section */

/* Begin PBXFrameworksBuildPhase section */
		DE3AEC8B25B06DB800806D02 /* Frameworks */ = {
			isa = PBXFrameworksBuildPhase;
			buildActionMask = 2147483647;
			files = (
			);
			runOnlyForDeploymentPostprocessing = 0;
		};
/* End PBXFrameworksBuildPhase section */

/* Begin PBXGroup section */
		DE3AEC8525B06DB800806D02 = {
			isa = PBXGroup;
			children = (
				DE3AEC9025B06DB800806D02 /* Day76-RenderingMode */,
				DE3AEC8F25B06DB800806D02 /* Products */,
			);
			sourceTree = "<group>";
		};
		DE3AEC8F25B06DB800806D02 /* Products */ = {
			isa = PBXGroup;
			children = (
				DE3AEC8E25B06DB800806D02 /* Day76-RenderingMode.app */,
			);
			name = Products;
			sourceTree = "<group>";
		};
		DE3AEC9025B06DB800806D02 /* Day76-RenderingMode */ = {
			isa = PBXGroup;
			children = (
				DE3AEC9125B06DB800806D02 /* Day76_RenderingModeApp.swift */,
				DE3AEC9325B06DB800806D02 /* ContentView.swift */,
				DE3AECA125B06DDA00806D02 /* Ornek1.swift */,
				DE3AEC9525B06DBB00806D02 /* Assets.xcassets */,
				DE3AEC9A25B06DBB00806D02 /* Info.plist */,
				DE3AEC9725B06DBB00806D02 /* Preview Content */,
			);
			path = "Day76-RenderingMode";
			sourceTree = "<group>";
		};
		DE3AEC9725B06DBB00806D02 /* Preview Content */ = {
			isa = PBXGroup;
			children = (
				DE3AEC9825B06DBB00806D02 /* Preview Assets.xcassets */,
			);
			path = "Preview Content";
			sourceTree = "<group>";
		};
/* End PBXGroup section */

/* Begin PBXNativeTarget section */
		DE3AEC8D25B06DB800806D02 /* Day76-RenderingMode */ = {
			isa = PBXNativeTarget;
			buildConfigurationList = DE3AEC9D25B06DBB00806D02 /* Build configuration list for PBXNativeTarget "Day76-RenderingMode" */;
			buildPhases = (
				DE3AEC8A25B06DB800806D02 /* Sources */,
				DE3AEC8B25B06DB800806D02 /* Frameworks */,
				DE3AEC8C25B06DB800806D02 /* Resources */,
			);
			buildRules = (
			);
			dependencies = (
			);
			name = "Day76-RenderingMode";
			productName = "Day76-RenderingMode";
			productReference = DE3AEC8E25B06DB800806D02 /* Day76-RenderingMode.app */;
			productType = "com.apple.product-type.application";
		};
/* End PBXNativeTarget section */

/* Begin PBXProject section */
		DE3AEC8625B06DB800806D02 /* Project object */ = {
			isa = PBXProject;
			attributes = {
				LastSwiftUpdateCheck = 1230;
				LastUpgradeCheck = 1230;
				TargetAttributes = {
					DE3AEC8D25B06DB800806D02 = {
						CreatedOnToolsVersion = 12.3;
					};
				};
			};
			buildConfigurationList = DE3AEC8925B06DB800806D02 /* Build configuration list for PBXProject "Day76-RenderingMode" */;
			compatibilityVersion = "Xcode 9.3";
			developmentRegion = en;
			hasScannedForEncodings = 0;
			knownRegions = (
				en,
				Base,
			);
			mainGroup = DE3AEC8525B06DB800806D02;
			productRefGroup = DE3AEC8F25B06DB800806D02 /* Products */;
			projectDirPath = "";
			projectRoot = "";
			targets = (
				DE3AEC8D25B06DB800806D02 /* Day76-RenderingMode */,
			);
		};
/* End PBXProject section */

/* Begin PBXResourcesBuildPhase section */
		DE3AEC8C25B06DB800806D02 /* Resources */ = {
			isa = PBXResourcesBuildPhase;
			buildActionMask = 2147483647;
			files = (
				DE3AEC9925B06DBB00806D02 /* Preview Assets.xcassets in Resources */,
				DE3AEC9625B06DBB00806D02 /* Assets.xcassets in Resources */,
			);
			runOnlyForDeploymentPostprocessing = 0;
		};
/* End PBXResourcesBuildPhase section */

/* Begin PBXSourcesBuildPhase section */
		DE3AEC8A25B06DB800806D02 /* Sources */ = {
			isa = PBXSourcesBuildPhase;
			buildActionMask = 2147483647;
			files = (
				DE3AEC9425B06DB800806D02 /* ContentView.swift in Sources */,
				DE3AEC9225B06DB800806D02 /* Day76_RenderingModeApp.swift in Sources */,
				DE3AECA225B06DDA00806D02 /* Ornek1.swift in Sources */,
			);
			runOnlyForDeploymentPostprocessing = 0;
		};
/* End PBXSourcesBuildPhase section */

/* Begin XCBuildConfiguration section */
		DE3AEC9B25B06DBB00806D02 /* Debug */ = {
			isa = XCBuildConfiguration;
			buildSettings = {
				ALWAYS_SEARCH_USER_PATHS = NO;
				CLANG_ANALYZER_NONNULL = YES;
				CLANG_ANALYZER_NUMBER_OBJECT_CONVERSION = YES_AGGRESSIVE;
				CLANG_CXX_LANGUAGE_STANDARD = "gnu++14";
				CLANG_CXX_LIBRARY = "libc++";
				CLANG_ENABLE_MODULES = YES;
				CLANG_ENABLE_OBJC_ARC = YES;
				CLANG_ENABLE_OBJC_WEAK = YES;
				CLANG_WARN_BLOCK_CAPTURE_AUTORELEASING = YES;
				CLANG_WARN_BOOL_CONVERSION = YES;
				CLANG_WARN_COMMA = YES;
				CLANG_WARN_CONSTANT_CONVERSION = YES;
				CLANG_WARN_DEPRECATED_OBJC_IMPLEMENTATIONS = YES;
				CLANG_WARN_DIRECT_OBJC_ISA_USAGE = YES_ERROR;
				CLANG_WARN_DOCUMENTATION_COMMENTS = YES;
				CLANG_WARN_EMPTY_BODY = YES;
				CLANG_WARN_ENUM_CONVERSION = YES;
				CLANG_WARN_INFINITE_RECURSION = YES;
				CLANG_WARN_INT_CONVERSION = YES;
				CLANG_WARN_NON_LITERAL_NULL_CONVERSION = YES;
				CLANG_WARN_OBJC_IMPLICIT_RETAIN_SELF = YES;
				CLANG_WARN_OBJC_LITERAL_CONVERSION = YES;
				CLANG_WARN_OBJC_ROOT_CLASS = YES_ERROR;
				CLANG_WARN_QUOTED_INCLUDE_IN_FRAMEWORK_HEADER = YES;
				CLANG_WARN_RANGE_LOOP_ANALYSIS = YES;
				CLANG_WARN_STRICT_PROTOTYPES = YES;
				CLANG_WARN_SUSPICIOUS_MOVE = YES;
				CLANG_WARN_UNGUARDED_AVAILABILITY = YES_AGGRESSIVE;
				CLANG_WARN_UNREACHABLE_CODE = YES;
				CLANG_WARN__DUPLICATE_METHOD_MATCH = YES;
				COPY_PHASE_STRIP = NO;
				DEBUG_INFORMATION_FORMAT = dwarf;
				ENABLE_STRICT_OBJC_MSGSEND = YES;
				ENABLE_TESTABILITY = YES;
				GCC_C_LANGUAGE_STANDARD = gnu11;
				GCC_DYNAMIC_NO_PIC = NO;
				GCC_NO_COMMON_BLOCKS = YES;
				GCC_OPTIMIZATION_LEVEL = 0;
				GCC_PREPROCESSOR_DEFINITIONS = (
					"DEBUG=1",
					"$(inherited)",
				);
				GCC_WARN_64_TO_32_BIT_CONVERSION = YES;
				GCC_WARN_ABOUT_RETURN_TYPE = YES_ERROR;
				GCC_WARN_UNDECLARED_SELECTOR = YES;
				GCC_WARN_UNINITIALIZED_AUTOS = YES_AGGRESSIVE;
				GCC_WARN_UNUSED_FUNCTION = YES;
				GCC_WARN_UNUSED_VARIABLE = YES;
				IPHONEOS_DEPLOYMENT_TARGET = 14.3;
				MTL_ENABLE_DEBUG_INFO = INCLUDE_SOURCE;
				MTL_FAST_MATH = YES;
				ONLY_ACTIVE_ARCH = YES;
				SDKROOT = iphoneos;
				SWIFT_ACTIVE_COMPILATION_CONDITIONS = DEBUG;
				SWIFT_OPTIMIZATION_LEVEL = "-Onone";
			};
			name = Debug;
		};
		DE3AEC9C25B06DBB00806D02 /* Release */ = {
			isa = XCBuildConfiguration;
			buildSettings = {
				ALWAYS_SEARCH_USER_PATHS = NO;
				CLANG_ANALYZER_NONNULL = YES;
				CLANG_ANALYZER_NUMBER_OBJECT_CONVERSION = YES_AGGRESSIVE;
				CLANG_CXX_LANGUAGE_STANDARD = "gnu++14";
				CLANG_CXX_LIBRARY = "libc++";
				CLANG_ENABLE_MODULES = YES;
				CLANG_ENABLE_OBJC_ARC = YES;
				CLANG_ENABLE_OBJC_WEAK = YES;
				CLANG_WARN_BLOCK_CAPTURE_AUTORELEASING = YES;
				CLANG_WARN_BOOL_CONVERSION = YES;
				CLANG_WARN_COMMA = YES;
				CLANG_WARN_CONSTANT_CONVERSION = YES;
				CLANG_WARN_DEPRECATED_OBJC_IMPLEMENTATIONS = YES;
				CLANG_WARN_DIRECT_OBJC_ISA_USAGE = YES_ERROR;
				CLANG_WARN_DOCUMENTATION_COMMENTS = YES;
				CLANG_WARN_EMPTY_BODY = YES;
				CLANG_WARN_ENUM_CONVERSION = YES;
				CLANG_WARN_INFINITE_RECURSION = YES;
				CLANG_WARN_INT_CONVERSION = YES;
				CLANG_WARN_NON_LITERAL_NULL_CONVERSION = YES;
				CLANG_WARN_OBJC_IMPLICIT_RETAIN_SELF = YES;
				CLANG_WARN_OBJC_LITERAL_CONVERSION = YES;
				CLANG_WARN_OBJC_ROOT_CLASS = YES_ERROR;
				CLANG_WARN_QUOTED_INCLUDE_IN_FRAMEWORK_HEADER = YES;
				CLANG_WARN_RANGE_LOOP_ANALYSIS = YES;
				CLANG_WARN_STRICT_PROTOTYPES = YES;
				CLANG_WARN_SUSPICIOUS_MOVE = YES;
				CLANG_WARN_UNGUARDED_AVAILABILITY = YES_AGGRESSIVE;
				CLANG_WARN_UNREACHABLE_CODE = YES;
				CLANG_WARN__DUPLICATE_METHOD_MATCH = YES;
				COPY_PHASE_STRIP = NO;
				DEBUG_INFORMATION_FORMAT = "dwarf-with-dsym";
				ENABLE_NS_ASSERTIONS = NO;
				ENABLE_STRICT_OBJC_MSGSEND = YES;
				GCC_C_LANGUAGE_STANDARD = gnu11;
				GCC_NO_COMMON_BLOCKS = YES;
				GCC_WARN_64_TO_32_BIT_CONVERSION = YES;
				GCC_WARN_ABOUT_RETURN_TYPE = YES_ERROR;
				GCC_WARN_UNDECLARED_SELECTOR = YES;
				GCC_WARN_UNINITIALIZED_AUTOS = YES_AGGRESSIVE;
				GCC_WARN_UNUSED_FUNCTION = YES;
				GCC_WARN_UNUSED_VARIABLE = YES;
				IPHONEOS_DEPLOYMENT_TARGET = 14.3;
				MTL_ENABLE_DEBUG_INFO = NO;
				MTL_FAST_MATH = YES;
				SDKROOT = iphoneos;
				SWIFT_COMPILATION_MODE = wholemodule;
				SWIFT_OPTIMIZATION_LEVEL = "-O";
				VALIDATE_PRODUCT = YES;
			};
			name = Release;
		};
		DE3AEC9E25B06DBB00806D02 /* Debug */ = {
			isa = XCBuildConfiguration;
			buildSettings = {
				ASSETCATALOG_COMPILER_APPICON_NAME = AppIcon;
				ASSETCATALOG_COMPILER_GLOBAL_ACCENT_COLOR_NAME = AccentColor;
				CODE_SIGN_STYLE = Automatic;
				DEVELOPMENT_ASSET_PATHS = "\"Day76-RenderingMode/Preview Content\"";
				DEVELOPMENT_TEAM = 7UTB6LU2LV;
				ENABLE_PREVIEWS = YES;
				INFOPLIST_FILE = "Day76-RenderingMode/Info.plist";
				IPHONEOS_DEPLOYMENT_TARGET = 14.0;
				LD_RUNPATH_SEARCH_PATHS = (
					"$(inherited)",
					"@executable_path/Frameworks",
				);
				PRODUCT_BUNDLE_IDENTIFIER = "com.calidustech.Day76-RenderingMode";
				PRODUCT_NAME = "$(TARGET_NAME)";
				SWIFT_VERSION = 5.0;
				TARGETED_DEVICE_FAMILY = "1,2";
			};
			name = Debug;
		};
		DE3AEC9F25B06DBB00806D02 /* Release */ = {
			isa = XCBuildConfiguration;
			buildSettings = {
				ASSETCATALOG_COMPILER_APPICON_NAME = AppIcon;
				ASSETCATALOG_COMPILER_GLOBAL_ACCENT_COLOR_NAME = AccentColor;
				CODE_SIGN_STYLE = Automatic;
				DEVELOPMENT_ASSET_PATHS = "\"Day76-RenderingMode/Preview Content\"";
				DEVELOPMENT_TEAM = 7UTB6LU2LV;
				ENABLE_PREVIEWS = YES;
				INFOPLIST_FILE = "Day76-RenderingMode/Info.plist";
				IPHONEOS_DEPLOYMENT_TARGET = 14.0;
				LD_RUNPATH_SEARCH_PATHS = (
					"$(inherited)",
					"@executable_path/Frameworks",
				);
				PRODUCT_BUNDLE_IDENTIFIER = "com.calidustech.Day76-RenderingMode";
				PRODUCT_NAME = "$(TARGET_NAME)";
				SWIFT_VERSION = 5.0;
				TARGETED_DEVICE_FAMILY = "1,2";
			};
			name = Release;
		};
/* End XCBuildConfiguration section */

/* Begin XCConfigurationList section */
		DE3AEC8925B06DB800806D02 /* Build configuration list for PBXProject "Day76-RenderingMode" */ = {
			isa = XCConfigurationList;
			buildConfigurations = (
				DE3AEC9B25B06DBB00806D02 /* Debug */,
				DE3AEC9C25B06DBB00806D02 /* Release */,
			);
			defaultConfigurationIsVisible = 0;
			defaultConfigurationName = Release;
		};
		DE3AEC9D25B06DBB00806D02 /* Build configuration list for PBXNativeTarget "Day76-RenderingMode" */ = {
			isa = XCConfigurationList;
			buildConfigurations = (
				DE3AEC9E25B06DBB00806D02 /* Debug */,
				DE3AEC9F25B06DBB00806D02 /* Release */,
			);
			defaultConfigurationIsVisible = 0;
			defaultConfigurationName = Release;
		};
/* End XCConfigurationList section */
	};
	rootObject = DE3AEC8625B06DB800806D02 /* Project object */;
}
