// !$*UTF8*$!
{
	archiveVersion = 1;
	classes = {
	};
	objectVersion = 50;
	objects = {

/* Begin PBXBuildFile section */
		DEF8E1C825A05C1F005FFBEB /* Day25_RadialGradientApp.swift in Sources */ = {isa = PBXBuildFile; fileRef = DEF8E1C725A05C1F005FFBEB /* Day25_RadialGradientApp.swift */; };
		DEF8E1CA25A05C1F005FFBEB /* ContentView.swift in Sources */ = {isa = PBXBuildFile; fileRef = DEF8E1C925A05C1F005FFBEB /* ContentView.swift */; };
		DEF8E1CC25A05C21005FFBEB /* Assets.xcassets in Resources */ = {isa = PBXBuildFile; fileRef = DEF8E1CB25A05C21005FFBEB /* Assets.xcassets */; };
		DEF8E1CF25A05C21005FFBEB /* Preview Assets.xcassets in Resources */ = {isa = PBXBuildFile; fileRef = DEF8E1CE25A05C21005FFBEB /* Preview Assets.xcassets */; };
		DEF8E1D825A05C3A005FFBEB /* RadialGradient_Ornek1.swift in Sources */ = {isa = PBXBuildFile; fileRef = DEF8E1D725A05C3A005FFBEB /* RadialGradient_Ornek1.swift */; };
/* End PBXBuildFile section */

/* Begin PBXFileReference section */
		DEF8E1C425A05C1F005FFBEB /* Day25-RadialGradient.app */ = {isa = PBXFileReference; explicitFileType = wrapper.application; includeInIndex = 0; path = "Day25-RadialGradient.app"; sourceTree = BUILT_PRODUCTS_DIR; };
		DEF8E1C725A05C1F005FFBEB /* Day25_RadialGradientApp.swift */ = {isa = PBXFileReference; lastKnownFileType = sourcecode.swift; path = Day25_RadialGradientApp.swift; sourceTree = "<group>"; };
		DEF8E1C925A05C1F005FFBEB /* ContentView.swift */ = {isa = PBXFileReference; lastKnownFileType = sourcecode.swift; path = ContentView.swift; sourceTree = "<group>"; };
		DEF8E1CB25A05C21005FFBEB /* Assets.xcassets */ = {isa = PBXFileReference; lastKnownFileType = folder.assetcatalog; path = Assets.xcassets; sourceTree = "<group>"; };
		DEF8E1CE25A05C21005FFBEB /* Preview Assets.xcassets */ = {isa = PBXFileReference; lastKnownFileType = folder.assetcatalog; path = "Preview Assets.xcassets"; sourceTree = "<group>"; };
		DEF8E1D025A05C21005FFBEB /* Info.plist */ = {isa = PBXFileReference; lastKnownFileType = text.plist.xml; path = Info.plist; sourceTree = "<group>"; };
		DEF8E1D725A05C3A005FFBEB /* RadialGradient_Ornek1.swift */ = {isa = PBXFileReference; lastKnownFileType = sourcecode.swift; path = RadialGradient_Ornek1.swift; sourceTree = "<group>"; };
/* End PBXFileReference section */

/* Begin PBXFrameworksBuildPhase section */
		DEF8E1C125A05C1F005FFBEB /* Frameworks */ = {
			isa = PBXFrameworksBuildPhase;
			buildActionMask = 2147483647;
			files = (
			);
			runOnlyForDeploymentPostprocessing = 0;
		};
/* End PBXFrameworksBuildPhase section */

/* Begin PBXGroup section */
		DEF8E1BB25A05C1F005FFBEB = {
			isa = PBXGroup;
			children = (
				DEF8E1C625A05C1F005FFBEB /* Day25-RadialGradient */,
				DEF8E1C525A05C1F005FFBEB /* Products */,
			);
			sourceTree = "<group>";
		};
		DEF8E1C525A05C1F005FFBEB /* Products */ = {
			isa = PBXGroup;
			children = (
				DEF8E1C425A05C1F005FFBEB /* Day25-RadialGradient.app */,
			);
			name = Products;
			sourceTree = "<group>";
		};
		DEF8E1C625A05C1F005FFBEB /* Day25-RadialGradient */ = {
			isa = PBXGroup;
			children = (
				DEF8E1C725A05C1F005FFBEB /* Day25_RadialGradientApp.swift */,
				DEF8E1C925A05C1F005FFBEB /* ContentView.swift */,
				DEF8E1D725A05C3A005FFBEB /* RadialGradient_Ornek1.swift */,
				DEF8E1CB25A05C21005FFBEB /* Assets.xcassets */,
				DEF8E1D025A05C21005FFBEB /* Info.plist */,
				DEF8E1CD25A05C21005FFBEB /* Preview Content */,
			);
			path = "Day25-RadialGradient";
			sourceTree = "<group>";
		};
		DEF8E1CD25A05C21005FFBEB /* Preview Content */ = {
			isa = PBXGroup;
			children = (
				DEF8E1CE25A05C21005FFBEB /* Preview Assets.xcassets */,
			);
			path = "Preview Content";
			sourceTree = "<group>";
		};
/* End PBXGroup section */

/* Begin PBXNativeTarget section */
		DEF8E1C325A05C1F005FFBEB /* Day25-RadialGradient */ = {
			isa = PBXNativeTarget;
			buildConfigurationList = DEF8E1D325A05C21005FFBEB /* Build configuration list for PBXNativeTarget "Day25-RadialGradient" */;
			buildPhases = (
				DEF8E1C025A05C1F005FFBEB /* Sources */,
				DEF8E1C125A05C1F005FFBEB /* Frameworks */,
				DEF8E1C225A05C1F005FFBEB /* Resources */,
			);
			buildRules = (
			);
			dependencies = (
			);
			name = "Day25-RadialGradient";
			productName = "Day25-RadialGradient";
			productReference = DEF8E1C425A05C1F005FFBEB /* Day25-RadialGradient.app */;
			productType = "com.apple.product-type.application";
		};
/* End PBXNativeTarget section */

/* Begin PBXProject section */
		DEF8E1BC25A05C1F005FFBEB /* Project object */ = {
			isa = PBXProject;
			attributes = {
				LastSwiftUpdateCheck = 1230;
				LastUpgradeCheck = 1230;
				TargetAttributes = {
					DEF8E1C325A05C1F005FFBEB = {
						CreatedOnToolsVersion = 12.3;
					};
				};
			};
			buildConfigurationList = DEF8E1BF25A05C1F005FFBEB /* Build configuration list for PBXProject "Day25-RadialGradient" */;
			compatibilityVersion = "Xcode 9.3";
			developmentRegion = en;
			hasScannedForEncodings = 0;
			knownRegions = (
				en,
				Base,
			);
			mainGroup = DEF8E1BB25A05C1F005FFBEB;
			productRefGroup = DEF8E1C525A05C1F005FFBEB /* Products */;
			projectDirPath = "";
			projectRoot = "";
			targets = (
				DEF8E1C325A05C1F005FFBEB /* Day25-RadialGradient */,
			);
		};
/* End PBXProject section */

/* Begin PBXResourcesBuildPhase section */
		DEF8E1C225A05C1F005FFBEB /* Resources */ = {
			isa = PBXResourcesBuildPhase;
			buildActionMask = 2147483647;
			files = (
				DEF8E1CF25A05C21005FFBEB /* Preview Assets.xcassets in Resources */,
				DEF8E1CC25A05C21005FFBEB /* Assets.xcassets in Resources */,
			);
			runOnlyForDeploymentPostprocessing = 0;
		};
/* End PBXResourcesBuildPhase section */

/* Begin PBXSourcesBuildPhase section */
		DEF8E1C025A05C1F005FFBEB /* Sources */ = {
			isa = PBXSourcesBuildPhase;
			buildActionMask = 2147483647;
			files = (
				DEF8E1CA25A05C1F005FFBEB /* ContentView.swift in Sources */,
				DEF8E1D825A05C3A005FFBEB /* RadialGradient_Ornek1.swift in Sources */,
				DEF8E1C825A05C1F005FFBEB /* Day25_RadialGradientApp.swift in Sources */,
			);
			runOnlyForDeploymentPostprocessing = 0;
		};
/* End PBXSourcesBuildPhase section */

/* Begin XCBuildConfiguration section */
		DEF8E1D125A05C21005FFBEB /* Debug */ = {
			isa = XCBuildConfiguration;
			buildSettings = {
				ALWAYS_SEARCH_USER_PATHS = NO;
				CLANG_ANALYZER_NONNULL = YES;
				CLANG_ANALYZER_NUMBER_OBJECT_CONVERSION = YES_AGGRESSIVE;
				CLANG_CXX_LANGUAGE_STANDARD = "gnu++14";
				CLANG_CXX_LIBRARY = "libc++";
				CLANG_ENABLE_MODULES = YES;
				CLANG_ENABLE_OBJC_ARC = YES;
				CLANG_ENABLE_OBJC_WEAK = YES;
				CLANG_WARN_BLOCK_CAPTURE_AUTORELEASING = YES;
				CLANG_WARN_BOOL_CONVERSION = YES;
				CLANG_WARN_COMMA = YES;
				CLANG_WARN_CONSTANT_CONVERSION = YES;
				CLANG_WARN_DEPRECATED_OBJC_IMPLEMENTATIONS = YES;
				CLANG_WARN_DIRECT_OBJC_ISA_USAGE = YES_ERROR;
				CLANG_WARN_DOCUMENTATION_COMMENTS = YES;
				CLANG_WARN_EMPTY_BODY = YES;
				CLANG_WARN_ENUM_CONVERSION = YES;
				CLANG_WARN_INFINITE_RECURSION = YES;
				CLANG_WARN_INT_CONVERSION = YES;
				CLANG_WARN_NON_LITERAL_NULL_CONVERSION = YES;
				CLANG_WARN_OBJC_IMPLICIT_RETAIN_SELF = YES;
				CLANG_WARN_OBJC_LITERAL_CONVERSION = YES;
				CLANG_WARN_OBJC_ROOT_CLASS = YES_ERROR;
				CLANG_WARN_QUOTED_INCLUDE_IN_FRAMEWORK_HEADER = YES;
				CLANG_WARN_RANGE_LOOP_ANALYSIS = YES;
				CLANG_WARN_STRICT_PROTOTYPES = YES;
				CLANG_WARN_SUSPICIOUS_MOVE = YES;
				CLANG_WARN_UNGUARDED_AVAILABILITY = YES_AGGRESSIVE;
				CLANG_WARN_UNREACHABLE_CODE = YES;
				CLANG_WARN__DUPLICATE_METHOD_MATCH = YES;
				COPY_PHASE_STRIP = NO;
				DEBUG_INFORMATION_FORMAT = dwarf;
				ENABLE_STRICT_OBJC_MSGSEND = YES;
				ENABLE_TESTABILITY = YES;
				GCC_C_LANGUAGE_STANDARD = gnu11;
				GCC_DYNAMIC_NO_PIC = NO;
				GCC_NO_COMMON_BLOCKS = YES;
				GCC_OPTIMIZATION_LEVEL = 0;
				GCC_PREPROCESSOR_DEFINITIONS = (
					"DEBUG=1",
					"$(inherited)",
				);
				GCC_WARN_64_TO_32_BIT_CONVERSION = YES;
				GCC_WARN_ABOUT_RETURN_TYPE = YES_ERROR;
				GCC_WARN_UNDECLARED_SELECTOR = YES;
				GCC_WARN_UNINITIALIZED_AUTOS = YES_AGGRESSIVE;
				GCC_WARN_UNUSED_FUNCTION = YES;
				GCC_WARN_UNUSED_VARIABLE = YES;
				IPHONEOS_DEPLOYMENT_TARGET = 14.3;
				MTL_ENABLE_DEBUG_INFO = INCLUDE_SOURCE;
				MTL_FAST_MATH = YES;
				ONLY_ACTIVE_ARCH = YES;
				SDKROOT = iphoneos;
				SWIFT_ACTIVE_COMPILATION_CONDITIONS = DEBUG;
				SWIFT_OPTIMIZATION_LEVEL = "-Onone";
			};
			name = Debug;
		};
		DEF8E1D225A05C21005FFBEB /* Release */ = {
			isa = XCBuildConfiguration;
			buildSettings = {
				ALWAYS_SEARCH_USER_PATHS = NO;
				CLANG_ANALYZER_NONNULL = YES;
				CLANG_ANALYZER_NUMBER_OBJECT_CONVERSION = YES_AGGRESSIVE;
				CLANG_CXX_LANGUAGE_STANDARD = "gnu++14";
				CLANG_CXX_LIBRARY = "libc++";
				CLANG_ENABLE_MODULES = YES;
				CLANG_ENABLE_OBJC_ARC = YES;
				CLANG_ENABLE_OBJC_WEAK = YES;
				CLANG_WARN_BLOCK_CAPTURE_AUTORELEASING = YES;
				CLANG_WARN_BOOL_CONVERSION = YES;
				CLANG_WARN_COMMA = YES;
				CLANG_WARN_CONSTANT_CONVERSION = YES;
				CLANG_WARN_DEPRECATED_OBJC_IMPLEMENTATIONS = YES;
				CLANG_WARN_DIRECT_OBJC_ISA_USAGE = YES_ERROR;
				CLANG_WARN_DOCUMENTATION_COMMENTS = YES;
				CLANG_WARN_EMPTY_BODY = YES;
				CLANG_WARN_ENUM_CONVERSION = YES;
				CLANG_WARN_INFINITE_RECURSION = YES;
				CLANG_WARN_INT_CONVERSION = YES;
				CLANG_WARN_NON_LITERAL_NULL_CONVERSION = YES;
				CLANG_WARN_OBJC_IMPLICIT_RETAIN_SELF = YES;
				CLANG_WARN_OBJC_LITERAL_CONVERSION = YES;
				CLANG_WARN_OBJC_ROOT_CLASS = YES_ERROR;
				CLANG_WARN_QUOTED_INCLUDE_IN_FRAMEWORK_HEADER = YES;
				CLANG_WARN_RANGE_LOOP_ANALYSIS = YES;
				CLANG_WARN_STRICT_PROTOTYPES = YES;
				CLANG_WARN_SUSPICIOUS_MOVE = YES;
				CLANG_WARN_UNGUARDED_AVAILABILITY = YES_AGGRESSIVE;
				CLANG_WARN_UNREACHABLE_CODE = YES;
				CLANG_WARN__DUPLICATE_METHOD_MATCH = YES;
				COPY_PHASE_STRIP = NO;
				DEBUG_INFORMATION_FORMAT = "dwarf-with-dsym";
				ENABLE_NS_ASSERTIONS = NO;
				ENABLE_STRICT_OBJC_MSGSEND = YES;
				GCC_C_LANGUAGE_STANDARD = gnu11;
				GCC_NO_COMMON_BLOCKS = YES;
				GCC_WARN_64_TO_32_BIT_CONVERSION = YES;
				GCC_WARN_ABOUT_RETURN_TYPE = YES_ERROR;
				GCC_WARN_UNDECLARED_SELECTOR = YES;
				GCC_WARN_UNINITIALIZED_AUTOS = YES_AGGRESSIVE;
				GCC_WARN_UNUSED_FUNCTION = YES;
				GCC_WARN_UNUSED_VARIABLE = YES;
				IPHONEOS_DEPLOYMENT_TARGET = 14.3;
				MTL_ENABLE_DEBUG_INFO = NO;
				MTL_FAST_MATH = YES;
				SDKROOT = iphoneos;
				SWIFT_COMPILATION_MODE = wholemodule;
				SWIFT_OPTIMIZATION_LEVEL = "-O";
				VALIDATE_PRODUCT = YES;
			};
			name = Release;
		};
		DEF8E1D425A05C21005FFBEB /* Debug */ = {
			isa = XCBuildConfiguration;
			buildSettings = {
				ASSETCATALOG_COMPILER_APPICON_NAME = AppIcon;
				ASSETCATALOG_COMPILER_GLOBAL_ACCENT_COLOR_NAME = AccentColor;
				CODE_SIGN_STYLE = Automatic;
				DEVELOPMENT_ASSET_PATHS = "\"Day25-RadialGradient/Preview Content\"";
				DEVELOPMENT_TEAM = 7UTB6LU2LV;
				ENABLE_PREVIEWS = YES;
				INFOPLIST_FILE = "Day25-RadialGradient/Info.plist";
				IPHONEOS_DEPLOYMENT_TARGET = 14.0;
				LD_RUNPATH_SEARCH_PATHS = (
					"$(inherited)",
					"@executable_path/Frameworks",
				);
				PRODUCT_BUNDLE_IDENTIFIER = "com.calidustech.Day25-RadialGradient";
				PRODUCT_NAME = "$(TARGET_NAME)";
				SWIFT_VERSION = 5.0;
				TARGETED_DEVICE_FAMILY = "1,2";
			};
			name = Debug;
		};
		DEF8E1D525A05C21005FFBEB /* Release */ = {
			isa = XCBuildConfiguration;
			buildSettings = {
				ASSETCATALOG_COMPILER_APPICON_NAME = AppIcon;
				ASSETCATALOG_COMPILER_GLOBAL_ACCENT_COLOR_NAME = AccentColor;
				CODE_SIGN_STYLE = Automatic;
				DEVELOPMENT_ASSET_PATHS = "\"Day25-RadialGradient/Preview Content\"";
				DEVELOPMENT_TEAM = 7UTB6LU2LV;
				ENABLE_PREVIEWS = YES;
				INFOPLIST_FILE = "Day25-RadialGradient/Info.plist";
				IPHONEOS_DEPLOYMENT_TARGET = 14.0;
				LD_RUNPATH_SEARCH_PATHS = (
					"$(inherited)",
					"@executable_path/Frameworks",
				);
				PRODUCT_BUNDLE_IDENTIFIER = "com.calidustech.Day25-RadialGradient";
				PRODUCT_NAME = "$(TARGET_NAME)";
				SWIFT_VERSION = 5.0;
				TARGETED_DEVICE_FAMILY = "1,2";
			};
			name = Release;
		};
/* End XCBuildConfiguration section */

/* Begin XCConfigurationList section */
		DEF8E1BF25A05C1F005FFBEB /* Build configuration list for PBXProject "Day25-RadialGradient" */ = {
			isa = XCConfigurationList;
			buildConfigurations = (
				DEF8E1D125A05C21005FFBEB /* Debug */,
				DEF8E1D225A05C21005FFBEB /* Release */,
			);
			defaultConfigurationIsVisible = 0;
			defaultConfigurationName = Release;
		};
		DEF8E1D325A05C21005FFBEB /* Build configuration list for PBXNativeTarget "Day25-RadialGradient" */ = {
			isa = XCConfigurationList;
			buildConfigurations = (
				DEF8E1D425A05C21005FFBEB /* Debug */,
				DEF8E1D525A05C21005FFBEB /* Release */,
			);
			defaultConfigurationIsVisible = 0;
			defaultConfigurationName = Release;
		};
/* End XCConfigurationList section */
	};
	rootObject = DEF8E1BC25A05C1F005FFBEB /* Project object */;
}
